{
  "requires": true,
  "lockfileVersion": 1,
  "dependencies": {
    "nswag": {
      "version": "13.0.3",
      "resolved": "https://registry.npmjs.org/nswag/-/nswag-13.0.3.tgz",
      "integrity": "sha512-Yj2hibakgBiqfff90nV5Xm1544RZVPgvRmHCVIX2ActaPSJhnIBpxOZX1lMGV45cgpNgJdhn4y4MUfADEzMd9Q==",
      "dev": true
    }
  }
}
