
Microsoft Visual Studio Solution File, Format Version 12.00
# Visual Studio Version 17
VisualStudioVersion = 17.0.31903.59
MinimumVisualStudioVersion = 10.0.40219.1
Project("{E53339B2-1760-4266-BCC7-CA923CBCF16C}") = "docker-compose", "docker-compose.dcproj", "{89759A6E-14F1-2247-A87E-6F1EB0C04123}"
EndProject
Project("{2150E333-8FDC-42A3-9474-1A3956D46DE8}") = "Common", "Common", "{533CD59E-2B13-4456-9570-650A88146BCE}"
EndProject
Project("{FAE04EC0-301F-11D3-BF4B-00C04F79EFBC}") = "QuickCode.Demo.Common", "Common\QuickCode.Demo.Common\QuickCode.Demo.Common.csproj", "{2CAA5363-79B7-43F7-B04B-BE8B77592C4F}"
EndProject
Project("{2150E333-8FDC-42A3-9474-1A3956D46DE8}") = "Modules", "Modules", "{C20555C2-2CAB-4707-B1C7-B335FD9E7900}"
EndProject
Project("{2150E333-8FDC-42A3-9474-1A3956D46DE8}") = "UserManagerModule", "UserManagerModule", "{78E9AE72-1775-4BE4-815E-5896E8124F4E}"
EndProject
Project("{2150E333-8FDC-42A3-9474-1A3956D46DE8}") = "Core", "Core", "{2F047438-936D-4FB9-BDAF-F27BBF26F105}"
EndProject
Project("{FAE04EC0-301F-11D3-BF4B-00C04F79EFBC}") = "QuickCode.Demo.UserManagerModule.Application", "Modules\UserManagerModule\Core\QuickCode.Demo.UserManagerModule.Application\QuickCode.Demo.UserManagerModule.Application.csproj", "{4CF65E0A-31A6-4543-A4CD-4FE9672A845D}"
EndProject
Project("{FAE04EC0-301F-11D3-BF4B-00C04F79EFBC}") = "QuickCode.Demo.UserManagerModule.Domain", "Modules\UserManagerModule\Core\QuickCode.Demo.UserManagerModule.Domain\QuickCode.Demo.UserManagerModule.Domain.csproj", "{E14C982F-8B07-4D09-AF27-75375FE57D68}"
EndProject
Project("{2150E333-8FDC-42A3-9474-1A3956D46DE8}") = "Infrastructure", "Infrastructure", "{06B48266-DC75-43C7-BEF4-2B4C709103A1}"
EndProject
Project("{FAE04EC0-301F-11D3-BF4B-00C04F79EFBC}") = "QuickCode.Demo.UserManagerModule.Persistence", "Modules\UserManagerModule\Infrastructure\QuickCode.Demo.UserManagerModule.Persistence\QuickCode.Demo.UserManagerModule.Persistence.csproj", "{C15CFF4A-F48D-48C8-AA15-BB3652C3B93C}"
EndProject
Project("{2150E333-8FDC-42A3-9474-1A3956D46DE8}") = "Presentation", "Presentation", "{0A2843C5-30E2-4853-AD51-F03C43F1A39D}"
EndProject
Project("{FAE04EC0-301F-11D3-BF4B-00C04F79EFBC}") = "QuickCode.Demo.UserManagerModule.Api", "Modules\UserManagerModule\Presentation\QuickCode.Demo.UserManagerModule.Api\QuickCode.Demo.UserManagerModule.Api.csproj", "{653BFD88-F3E2-403A-946E-3E8226A9A0AA}"
EndProject
Project("{2150E333-8FDC-42A3-9474-1A3956D46DE8}") = "EmailManagerModule", "EmailManagerModule", "{95A86A0D-E38C-4BF2-93E6-CD10D8F19306}"
EndProject
Project("{2150E333-8FDC-42A3-9474-1A3956D46DE8}") = "Core", "Core", "{BDC81AAE-D6C1-4340-B238-859239B2F902}"
EndProject
Project("{FAE04EC0-301F-11D3-BF4B-00C04F79EFBC}") = "QuickCode.Demo.EmailManagerModule.Application", "Modules\EmailManagerModule\Core\QuickCode.Demo.EmailManagerModule.Application\QuickCode.Demo.EmailManagerModule.Application.csproj", "{69E1C62F-D295-4AD3-B446-66AF9441A2DC}"
EndProject
Project("{FAE04EC0-301F-11D3-BF4B-00C04F79EFBC}") = "QuickCode.Demo.EmailManagerModule.Domain", "Modules\EmailManagerModule\Core\QuickCode.Demo.EmailManagerModule.Domain\QuickCode.Demo.EmailManagerModule.Domain.csproj", "{336DD855-F615-4DF5-BA90-AB17D73CEC6E}"
EndProject
Project("{2150E333-8FDC-42A3-9474-1A3956D46DE8}") = "Infrastructure", "Infrastructure", "{29ABC040-8EEB-407B-985F-241E50702104}"
EndProject
Project("{FAE04EC0-301F-11D3-BF4B-00C04F79EFBC}") = "QuickCode.Demo.EmailManagerModule.Persistence", "Modules\EmailManagerModule\Infrastructure\QuickCode.Demo.EmailManagerModule.Persistence\QuickCode.Demo.EmailManagerModule.Persistence.csproj", "{5968A59D-0BE0-4A9E-9BA8-1CE61C3511C2}"
EndProject
Project("{2150E333-8FDC-42A3-9474-1A3956D46DE8}") = "Presentation", "Presentation", "{5D47C865-1765-400F-94FF-B658941811B0}"
EndProject
Project("{FAE04EC0-301F-11D3-BF4B-00C04F79EFBC}") = "QuickCode.Demo.EmailManagerModule.Api", "Modules\EmailManagerModule\Presentation\QuickCode.Demo.EmailManagerModule.Api\QuickCode.Demo.EmailManagerModule.Api.csproj", "{8BC83718-89EF-4737-94DE-25D63638EFC3}"
EndProject
Project("{2150E333-8FDC-42A3-9474-1A3956D46DE8}") = "SmsManagerModule", "SmsManagerModule", "{6215B59B-2AD0-40F6-9297-8F6975FF703A}"
EndProject
Project("{2150E333-8FDC-42A3-9474-1A3956D46DE8}") = "Core", "Core", "{64176144-19DD-42E9-9FCF-EF4447D8CD9D}"
EndProject
Project("{FAE04EC0-301F-11D3-BF4B-00C04F79EFBC}") = "QuickCode.Demo.SmsManagerModule.Application", "Modules\SmsManagerModule\Core\QuickCode.Demo.SmsManagerModule.Application\QuickCode.Demo.SmsManagerModule.Application.csproj", "{EF77AE12-5DB9-498B-B64B-1163A7D2CF95}"
EndProject
Project("{FAE04EC0-301F-11D3-BF4B-00C04F79EFBC}") = "QuickCode.Demo.SmsManagerModule.Domain", "Modules\SmsManagerModule\Core\QuickCode.Demo.SmsManagerModule.Domain\QuickCode.Demo.SmsManagerModule.Domain.csproj", "{9C2DAD88-94D9-42A3-B8C1-741A27C20812}"
EndProject
Project("{2150E333-8FDC-42A3-9474-1A3956D46DE8}") = "Infrastructure", "Infrastructure", "{9BA8457B-5145-4FD0-9C1F-8A7070BF873C}"
EndProject
Project("{FAE04EC0-301F-11D3-BF4B-00C04F79EFBC}") = "QuickCode.Demo.SmsManagerModule.Persistence", "Modules\SmsManagerModule\Infrastructure\QuickCode.Demo.SmsManagerModule.Persistence\QuickCode.Demo.SmsManagerModule.Persistence.csproj", "{CDFC762A-96DE-48F4-BBEC-7279CB642CE5}"
EndProject
Project("{2150E333-8FDC-42A3-9474-1A3956D46DE8}") = "Presentation", "Presentation", "{9126CEC5-6570-4027-8F13-E090614D519B}"
EndProject
Project("{FAE04EC0-301F-11D3-BF4B-00C04F79EFBC}") = "QuickCode.Demo.SmsManagerModule.Api", "Modules\SmsManagerModule\Presentation\QuickCode.Demo.SmsManagerModule.Api\QuickCode.Demo.SmsManagerModule.Api.csproj", "{4CE1D21B-BAE8-4656-B379-C91ED767C8C3}"
EndProject
Project("{2150E333-8FDC-42A3-9474-1A3956D46DE8}") = "Presentation", "Presentation", "{F26500E3-C07B-4078-9713-7575DD3ECBA4}"
EndProject
Project("{FAE04EC0-301F-11D3-BF4B-00C04F79EFBC}") = "QuickCode.Demo.Gateway", "Presentation\QuickCode.Demo.Gateway\QuickCode.Demo.Gateway.csproj", "{21D722F7-98FC-4834-9674-BE6559BBC455}"
EndProject
Project("{FAE04EC0-301F-11D3-BF4B-00C04F79EFBC}") = "QuickCode.Demo.Portal", "Presentation\QuickCode.Demo.Portal\QuickCode.Demo.Portal.csproj", "{A8163E68-24F3-47A3-A26F-95EB65F3F450}"
EndProject
Project("{2150E333-8FDC-42A3-9474-1A3956D46DE8}") = "Services", "Services", "{53682230-AAD6-4C56-A885-AFCB5FDA34FA}"
EndProject
Project("{FAE04EC0-301F-11D3-BF4B-00C04F79EFBC}") = "QuickCode.Demo.EventListenerService", "Services\QuickCode.Demo.EventListenerService\QuickCode.Demo.EventListenerService.csproj", "{1649915B-42E6-4B08-B175-47751AB0973E}"
EndProject
Global
	GlobalSection(SolutionConfigurationPlatforms) = preSolution
		Debug|Any CPU = Debug|Any CPU
		Release|Any CPU = Release|Any CPU
	EndGlobalSection
	GlobalSection(SolutionProperties) = preSolution
		HideSolutionNode = FALSE
	EndGlobalSection
	GlobalSection(ProjectConfigurationPlatforms) = postSolution
		{89759A6E-14F1-2247-A87E-6F1EB0C04123}.Debug|Any CPU.ActiveCfg = Debug|Any CPU
		{89759A6E-14F1-2247-A87E-6F1EB0C04123}.Debug|Any CPU.Build.0 = Debug|Any CPU
		{89759A6E-14F1-2247-A87E-6F1EB0C04123}.Release|Any CPU.ActiveCfg = Release|Any CPU
		{89759A6E-14F1-2247-A87E-6F1EB0C04123}.Release|Any CPU.Build.0 = Release|Any CPU
		{2CAA5363-79B7-43F7-B04B-BE8B77592C4F}.Debug|Any CPU.ActiveCfg = Debug|Any CPU
		{2CAA5363-79B7-43F7-B04B-BE8B77592C4F}.Debug|Any CPU.Build.0 = Debug|Any CPU
		{2CAA5363-79B7-43F7-B04B-BE8B77592C4F}.Release|Any CPU.ActiveCfg = Release|Any CPU
		{2CAA5363-79B7-43F7-B04B-BE8B77592C4F}.Release|Any CPU.Build.0 = Release|Any CPU
		{4CF65E0A-31A6-4543-A4CD-4FE9672A845D}.Debug|Any CPU.ActiveCfg = Debug|Any CPU
		{4CF65E0A-31A6-4543-A4CD-4FE9672A845D}.Debug|Any CPU.Build.0 = Debug|Any CPU
		{4CF65E0A-31A6-4543-A4CD-4FE9672A845D}.Release|Any CPU.ActiveCfg = Release|Any CPU
		{4CF65E0A-31A6-4543-A4CD-4FE9672A845D}.Release|Any CPU.Build.0 = Release|Any CPU
		{E14C982F-8B07-4D09-AF27-75375FE57D68}.Debug|Any CPU.ActiveCfg = Debug|Any CPU
		{E14C982F-8B07-4D09-AF27-75375FE57D68}.Debug|Any CPU.Build.0 = Debug|Any CPU
		{E14C982F-8B07-4D09-AF27-75375FE57D68}.Release|Any CPU.ActiveCfg = Release|Any CPU
		{E14C982F-8B07-4D09-AF27-75375FE57D68}.Release|Any CPU.Build.0 = Release|Any CPU
		{C15CFF4A-F48D-48C8-AA15-BB3652C3B93C}.Debug|Any CPU.ActiveCfg = Debug|Any CPU
		{C15CFF4A-F48D-48C8-AA15-BB3652C3B93C}.Debug|Any CPU.Build.0 = Debug|Any CPU
		{C15CFF4A-F48D-48C8-AA15-BB3652C3B93C}.Release|Any CPU.ActiveCfg = Release|Any CPU
		{C15CFF4A-F48D-48C8-AA15-BB3652C3B93C}.Release|Any CPU.Build.0 = Release|Any CPU
		{653BFD88-F3E2-403A-946E-3E8226A9A0AA}.Debug|Any CPU.ActiveCfg = Debug|Any CPU
		{653BFD88-F3E2-403A-946E-3E8226A9A0AA}.Debug|Any CPU.Build.0 = Debug|Any CPU
		{653BFD88-F3E2-403A-946E-3E8226A9A0AA}.Release|Any CPU.ActiveCfg = Release|Any CPU
		{653BFD88-F3E2-403A-946E-3E8226A9A0AA}.Release|Any CPU.Build.0 = Release|Any CPU
		{69E1C62F-D295-4AD3-B446-66AF9441A2DC}.Debug|Any CPU.ActiveCfg = Debug|Any CPU
		{69E1C62F-D295-4AD3-B446-66AF9441A2DC}.Debug|Any CPU.Build.0 = Debug|Any CPU
		{69E1C62F-D295-4AD3-B446-66AF9441A2DC}.Release|Any CPU.ActiveCfg = Release|Any CPU
		{69E1C62F-D295-4AD3-B446-66AF9441A2DC}.Release|Any CPU.Build.0 = Release|Any CPU
		{336DD855-F615-4DF5-BA90-AB17D73CEC6E}.Debug|Any CPU.ActiveCfg = Debug|Any CPU
		{336DD855-F615-4DF5-BA90-AB17D73CEC6E}.Debug|Any CPU.Build.0 = Debug|Any CPU
		{336DD855-F615-4DF5-BA90-AB17D73CEC6E}.Release|Any CPU.ActiveCfg = Release|Any CPU
		{336DD855-F615-4DF5-BA90-AB17D73CEC6E}.Release|Any CPU.Build.0 = Release|Any CPU
		{5968A59D-0BE0-4A9E-9BA8-1CE61C3511C2}.Debug|Any CPU.ActiveCfg = Debug|Any CPU
		{5968A59D-0BE0-4A9E-9BA8-1CE61C3511C2}.Debug|Any CPU.Build.0 = Debug|Any CPU
		{5968A59D-0BE0-4A9E-9BA8-1CE61C3511C2}.Release|Any CPU.ActiveCfg = Release|Any CPU
		{5968A59D-0BE0-4A9E-9BA8-1CE61C3511C2}.Release|Any CPU.Build.0 = Release|Any CPU
		{8BC83718-89EF-4737-94DE-25D63638EFC3}.Debug|Any CPU.ActiveCfg = Debug|Any CPU
		{8BC83718-89EF-4737-94DE-25D63638EFC3}.Debug|Any CPU.Build.0 = Debug|Any CPU
		{8BC83718-89EF-4737-94DE-25D63638EFC3}.Release|Any CPU.ActiveCfg = Release|Any CPU
		{8BC83718-89EF-4737-94DE-25D63638EFC3}.Release|Any CPU.Build.0 = Release|Any CPU
		{EF77AE12-5DB9-498B-B64B-1163A7D2CF95}.Debug|Any CPU.ActiveCfg = Debug|Any CPU
		{EF77AE12-5DB9-498B-B64B-1163A7D2CF95}.Debug|Any CPU.Build.0 = Debug|Any CPU
		{EF77AE12-5DB9-498B-B64B-1163A7D2CF95}.Release|Any CPU.ActiveCfg = Release|Any CPU
		{EF77AE12-5DB9-498B-B64B-1163A7D2CF95}.Release|Any CPU.Build.0 = Release|Any CPU
		{9C2DAD88-94D9-42A3-B8C1-741A27C20812}.Debug|Any CPU.ActiveCfg = Debug|Any CPU
		{9C2DAD88-94D9-42A3-B8C1-741A27C20812}.Debug|Any CPU.Build.0 = Debug|Any CPU
		{9C2DAD88-94D9-42A3-B8C1-741A27C20812}.Release|Any CPU.ActiveCfg = Release|Any CPU
		{9C2DAD88-94D9-42A3-B8C1-741A27C20812}.Release|Any CPU.Build.0 = Release|Any CPU
		{CDFC762A-96DE-48F4-BBEC-7279CB642CE5}.Debug|Any CPU.ActiveCfg = Debug|Any CPU
		{CDFC762A-96DE-48F4-BBEC-7279CB642CE5}.Debug|Any CPU.Build.0 = Debug|Any CPU
		{CDFC762A-96DE-48F4-BBEC-7279CB642CE5}.Release|Any CPU.ActiveCfg = Release|Any CPU
		{CDFC762A-96DE-48F4-BBEC-7279CB642CE5}.Release|Any CPU.Build.0 = Release|Any CPU
		{4CE1D21B-BAE8-4656-B379-C91ED767C8C3}.Debug|Any CPU.ActiveCfg = Debug|Any CPU
		{4CE1D21B-BAE8-4656-B379-C91ED767C8C3}.Debug|Any CPU.Build.0 = Debug|Any CPU
		{4CE1D21B-BAE8-4656-B379-C91ED767C8C3}.Release|Any CPU.ActiveCfg = Release|Any CPU
		{4CE1D21B-BAE8-4656-B379-C91ED767C8C3}.Release|Any CPU.Build.0 = Release|Any CPU
		{21D722F7-98FC-4834-9674-BE6559BBC455}.Debug|Any CPU.ActiveCfg = Debug|Any CPU
		{21D722F7-98FC-4834-9674-BE6559BBC455}.Debug|Any CPU.Build.0 = Debug|Any CPU
		{21D722F7-98FC-4834-9674-BE6559BBC455}.Release|Any CPU.ActiveCfg = Release|Any CPU
		{21D722F7-98FC-4834-9674-BE6559BBC455}.Release|Any CPU.Build.0 = Release|Any CPU
		{A8163E68-24F3-47A3-A26F-95EB65F3F450}.Debug|Any CPU.ActiveCfg = Debug|Any CPU
		{A8163E68-24F3-47A3-A26F-95EB65F3F450}.Debug|Any CPU.Build.0 = Debug|Any CPU
		{A8163E68-24F3-47A3-A26F-95EB65F3F450}.Release|Any CPU.ActiveCfg = Release|Any CPU
		{A8163E68-24F3-47A3-A26F-95EB65F3F450}.Release|Any CPU.Build.0 = Release|Any CPU
		{1649915B-42E6-4B08-B175-47751AB0973E}.Debug|Any CPU.ActiveCfg = Debug|Any CPU
		{1649915B-42E6-4B08-B175-47751AB0973E}.Debug|Any CPU.Build.0 = Debug|Any CPU
		{1649915B-42E6-4B08-B175-47751AB0973E}.Release|Any CPU.ActiveCfg = Release|Any CPU
		{1649915B-42E6-4B08-B175-47751AB0973E}.Release|Any CPU.Build.0 = Release|Any CPU
	EndGlobalSection
	GlobalSection(NestedProjects) = preSolution
		{2CAA5363-79B7-43F7-B04B-BE8B77592C4F} = {533CD59E-2B13-4456-9570-650A88146BCE}
		{78E9AE72-1775-4BE4-815E-5896E8124F4E} = {C20555C2-2CAB-4707-B1C7-B335FD9E7900}
		{2F047438-936D-4FB9-BDAF-F27BBF26F105} = {78E9AE72-1775-4BE4-815E-5896E8124F4E}
		{4CF65E0A-31A6-4543-A4CD-4FE9672A845D} = {2F047438-936D-4FB9-BDAF-F27BBF26F105}
		{E14C982F-8B07-4D09-AF27-75375FE57D68} = {2F047438-936D-4FB9-BDAF-F27BBF26F105}
		{06B48266-DC75-43C7-BEF4-2B4C709103A1} = {78E9AE72-1775-4BE4-815E-5896E8124F4E}
		{C15CFF4A-F48D-48C8-AA15-BB3652C3B93C} = {06B48266-DC75-43C7-BEF4-2B4C709103A1}
		{0A2843C5-30E2-4853-AD51-F03C43F1A39D} = {78E9AE72-1775-4BE4-815E-5896E8124F4E}
		{653BFD88-F3E2-403A-946E-3E8226A9A0AA} = {0A2843C5-30E2-4853-AD51-F03C43F1A39D}
		{95A86A0D-E38C-4BF2-93E6-CD10D8F19306} = {C20555C2-2CAB-4707-B1C7-B335FD9E7900}
		{BDC81AAE-D6C1-4340-B238-859239B2F902} = {95A86A0D-E38C-4BF2-93E6-CD10D8F19306}
		{69E1C62F-D295-4AD3-B446-66AF9441A2DC} = {BDC81AAE-D6C1-4340-B238-859239B2F902}
		{336DD855-F615-4DF5-BA90-AB17D73CEC6E} = {BDC81AAE-D6C1-4340-B238-859239B2F902}
		{29ABC040-8EEB-407B-985F-241E50702104} = {95A86A0D-E38C-4BF2-93E6-CD10D8F19306}
		{5968A59D-0BE0-4A9E-9BA8-1CE61C3511C2} = {29ABC040-8EEB-407B-985F-241E50702104}
		{5D47C865-1765-400F-94FF-B658941811B0} = {95A86A0D-E38C-4BF2-93E6-CD10D8F19306}
		{8BC83718-89EF-4737-94DE-25D63638EFC3} = {5D47C865-1765-400F-94FF-B658941811B0}
		{6215B59B-2AD0-40F6-9297-8F6975FF703A} = {C20555C2-2CAB-4707-B1C7-B335FD9E7900}
		{64176144-19DD-42E9-9FCF-EF4447D8CD9D} = {6215B59B-2AD0-40F6-9297-8F6975FF703A}
		{EF77AE12-5DB9-498B-B64B-1163A7D2CF95} = {64176144-19DD-42E9-9FCF-EF4447D8CD9D}
		{9C2DAD88-94D9-42A3-B8C1-741A27C20812} = {64176144-19DD-42E9-9FCF-EF4447D8CD9D}
		{9BA8457B-5145-4FD0-9C1F-8A7070BF873C} = {6215B59B-2AD0-40F6-9297-8F6975FF703A}
		{CDFC762A-96DE-48F4-BBEC-7279CB642CE5} = {9BA8457B-5145-4FD0-9C1F-8A7070BF873C}
		{9126CEC5-6570-4027-8F13-E090614D519B} = {6215B59B-2AD0-40F6-9297-8F6975FF703A}
		{4CE1D21B-BAE8-4656-B379-C91ED767C8C3} = {9126CEC5-6570-4027-8F13-E090614D519B}
		{21D722F7-98FC-4834-9674-BE6559BBC455} = {F26500E3-C07B-4078-9713-7575DD3ECBA4}
		{A8163E68-24F3-47A3-A26F-95EB65F3F450} = {F26500E3-C07B-4078-9713-7575DD3ECBA4}
		{1649915B-42E6-4B08-B175-47751AB0973E} = {53682230-AAD6-4C56-A885-AFCB5FDA34FA}
	EndGlobalSection
EndGlobal
