
Microsoft Visual Studio Solution File, Format Version 12.00
# Visual Studio Version 17
VisualStudioVersion = 17.0.31903.59
MinimumVisualStudioVersion = 10.0.40219.1
Project("{2150E333-8FDC-42A3-9474-1A3956D46DE8}") = "Common", "Common", "{068C0860-364E-4BBF-833D-7059558D334D}"
EndProject
Project("{FAE04EC0-301F-11D3-BF4B-00C04F79EFBC}") = "QuickCode.Demo.Common", "Common\QuickCode.Demo.Common\QuickCode.Demo.Common.csproj", "{A91D9ED6-801C-4977-ADE9-7FA925647C14}"
EndProject
Project("{2150E333-8FDC-42A3-9474-1A3956D46DE8}") = "Modules", "Modules", "{4122B0D8-691D-4A54-8E64-C5D22B921624}"
EndProject
Project("{2150E333-8FDC-42A3-9474-1A3956D46DE8}") = "UserManagerModule", "UserManagerModule", "{3B66649F-57FE-4413-BEEB-A9CFA2D17D89}"
EndProject
Project("{2150E333-8FDC-42A3-9474-1A3956D46DE8}") = "Core", "Core", "{6CA4EB22-08AB-43EC-9BB6-2C83DD5C073C}"
EndProject
Project("{FAE04EC0-301F-11D3-BF4B-00C04F79EFBC}") = "QuickCode.Demo.UserManagerModule.Application", "Modules\UserManagerModule\Core\QuickCode.Demo.UserManagerModule.Application\QuickCode.Demo.UserManagerModule.Application.csproj", "{06B84412-985A-41A7-B0AF-B6587F625DA2}"
EndProject
Project("{FAE04EC0-301F-11D3-BF4B-00C04F79EFBC}") = "QuickCode.Demo.UserManagerModule.Domain", "Modules\UserManagerModule\Core\QuickCode.Demo.UserManagerModule.Domain\QuickCode.Demo.UserManagerModule.Domain.csproj", "{D7813AE3-C732-4146-ADCD-0CD0D0B6F329}"
EndProject
Project("{2150E333-8FDC-42A3-9474-1A3956D46DE8}") = "Infrastructure", "Infrastructure", "{143560D2-BFA2-41AE-BE83-F274ADF6E6B8}"
EndProject
Project("{FAE04EC0-301F-11D3-BF4B-00C04F79EFBC}") = "QuickCode.Demo.UserManagerModule.Persistence", "Modules\UserManagerModule\Infrastructure\QuickCode.Demo.UserManagerModule.Persistence\QuickCode.Demo.UserManagerModule.Persistence.csproj", "{B9658386-AA89-460A-8C5C-943C50272869}"
EndProject
Project("{2150E333-8FDC-42A3-9474-1A3956D46DE8}") = "Presentation", "Presentation", "{65020C31-8413-49F1-8B94-DB0F26B939DD}"
EndProject
Project("{FAE04EC0-301F-11D3-BF4B-00C04F79EFBC}") = "QuickCode.Demo.UserManagerModule.Api", "Modules\UserManagerModule\Presentation\QuickCode.Demo.UserManagerModule.Api\QuickCode.Demo.UserManagerModule.Api.csproj", "{D621FA94-797F-40A2-ABA0-677B52D12A85}"
EndProject
Project("{2150E333-8FDC-42A3-9474-1A3956D46DE8}") = "EmailManagerModule", "EmailManagerModule", "{E4289FAD-EBBC-44F8-B3E4-0140C94E1700}"
EndProject
Project("{2150E333-8FDC-42A3-9474-1A3956D46DE8}") = "Core", "Core", "{E8A24D9E-D110-4106-B5BB-52B0B20FABDB}"
EndProject
Project("{FAE04EC0-301F-11D3-BF4B-00C04F79EFBC}") = "QuickCode.Demo.EmailManagerModule.Application", "Modules\EmailManagerModule\Core\QuickCode.Demo.EmailManagerModule.Application\QuickCode.Demo.EmailManagerModule.Application.csproj", "{04E92EA2-E7FD-41CE-B695-0AD0FAE75CE9}"
EndProject
Project("{FAE04EC0-301F-11D3-BF4B-00C04F79EFBC}") = "QuickCode.Demo.EmailManagerModule.Domain", "Modules\EmailManagerModule\Core\QuickCode.Demo.EmailManagerModule.Domain\QuickCode.Demo.EmailManagerModule.Domain.csproj", "{8B8A7285-C1BF-499C-B8A3-BC09BDFC2732}"
EndProject
Project("{2150E333-8FDC-42A3-9474-1A3956D46DE8}") = "Infrastructure", "Infrastructure", "{11706C32-BE36-4B82-86A3-9A0DCB7606A2}"
EndProject
Project("{FAE04EC0-301F-11D3-BF4B-00C04F79EFBC}") = "QuickCode.Demo.EmailManagerModule.Persistence", "Modules\EmailManagerModule\Infrastructure\QuickCode.Demo.EmailManagerModule.Persistence\QuickCode.Demo.EmailManagerModule.Persistence.csproj", "{95F58946-D9CE-425C-BB41-EBB1693443EB}"
EndProject
Project("{2150E333-8FDC-42A3-9474-1A3956D46DE8}") = "Presentation", "Presentation", "{764E2640-0903-4D0D-875B-E54836CB8023}"
EndProject
Project("{FAE04EC0-301F-11D3-BF4B-00C04F79EFBC}") = "QuickCode.Demo.EmailManagerModule.Api", "Modules\EmailManagerModule\Presentation\QuickCode.Demo.EmailManagerModule.Api\QuickCode.Demo.EmailManagerModule.Api.csproj", "{4E066452-E56F-4757-9212-149F716D6BA1}"
EndProject
Project("{2150E333-8FDC-42A3-9474-1A3956D46DE8}") = "SmsManagerModule", "SmsManagerModule", "{0029D549-3091-4E48-B626-08054186A814}"
EndProject
Project("{2150E333-8FDC-42A3-9474-1A3956D46DE8}") = "Core", "Core", "{1D811AAC-61E6-4D1C-98B6-59104296C6A1}"
EndProject
Project("{FAE04EC0-301F-11D3-BF4B-00C04F79EFBC}") = "QuickCode.Demo.SmsManagerModule.Application", "Modules\SmsManagerModule\Core\QuickCode.Demo.SmsManagerModule.Application\QuickCode.Demo.SmsManagerModule.Application.csproj", "{3089F3EA-9B1D-484A-8518-62216D1EBFB8}"
EndProject
Project("{FAE04EC0-301F-11D3-BF4B-00C04F79EFBC}") = "QuickCode.Demo.SmsManagerModule.Domain", "Modules\SmsManagerModule\Core\QuickCode.Demo.SmsManagerModule.Domain\QuickCode.Demo.SmsManagerModule.Domain.csproj", "{EF9F3DA7-18C6-4D4C-9265-42E7B2A57674}"
EndProject
Project("{2150E333-8FDC-42A3-9474-1A3956D46DE8}") = "Infrastructure", "Infrastructure", "{01D2ABBF-E4C5-41AD-986C-45466B33479B}"
EndProject
Project("{FAE04EC0-301F-11D3-BF4B-00C04F79EFBC}") = "QuickCode.Demo.SmsManagerModule.Persistence", "Modules\SmsManagerModule\Infrastructure\QuickCode.Demo.SmsManagerModule.Persistence\QuickCode.Demo.SmsManagerModule.Persistence.csproj", "{1F29ADE5-9478-4DA1-B218-04AC9F242A73}"
EndProject
Project("{2150E333-8FDC-42A3-9474-1A3956D46DE8}") = "Presentation", "Presentation", "{47CCFC30-65D0-490D-9FA3-491E5D9BCC74}"
EndProject
Project("{FAE04EC0-301F-11D3-BF4B-00C04F79EFBC}") = "QuickCode.Demo.SmsManagerModule.Api", "Modules\SmsManagerModule\Presentation\QuickCode.Demo.SmsManagerModule.Api\QuickCode.Demo.SmsManagerModule.Api.csproj", "{9557828F-401E-4CC2-9D40-DBAB0FEAEE56}"
EndProject
Project("{2150E333-8FDC-42A3-9474-1A3956D46DE8}") = "Presentation", "Presentation", "{F1D2E529-479B-408E-9DAF-90EBF3FEE3DD}"
EndProject
Project("{FAE04EC0-301F-11D3-BF4B-00C04F79EFBC}") = "QuickCode.Demo.Gateway", "Presentation\QuickCode.Demo.Gateway\QuickCode.Demo.Gateway.csproj", "{6FC9D4DF-C064-4419-B8B1-C76CC3A5CBC7}"
EndProject
Project("{FAE04EC0-301F-11D3-BF4B-00C04F79EFBC}") = "QuickCode.Demo.Portal", "Presentation\QuickCode.Demo.Portal\QuickCode.Demo.Portal.csproj", "{2473B8CF-4ED3-433F-91C9-70177C25BBDA}"
EndProject
Project("{2150E333-8FDC-42A3-9474-1A3956D46DE8}") = "Services", "Services", "{5E42B2FA-8028-4816-B364-BB69746E3D6F}"
EndProject
Project("{FAE04EC0-301F-11D3-BF4B-00C04F79EFBC}") = "QuickCode.Demo.EventListenerService", "Services\QuickCode.Demo.EventListenerService\QuickCode.Demo.EventListenerService.csproj", "{E661B883-10D6-4B5C-A58E-8CFE5583C928}"
EndProject
Global
	GlobalSection(SolutionConfigurationPlatforms) = preSolution
		Debug|Any CPU = Debug|Any CPU
		Release|Any CPU = Release|Any CPU
	EndGlobalSection
	GlobalSection(SolutionProperties) = preSolution
		HideSolutionNode = FALSE
	EndGlobalSection
	GlobalSection(ProjectConfigurationPlatforms) = postSolution
		{A91D9ED6-801C-4977-ADE9-7FA925647C14}.Debug|Any CPU.ActiveCfg = Debug|Any CPU
		{A91D9ED6-801C-4977-ADE9-7FA925647C14}.Debug|Any CPU.Build.0 = Debug|Any CPU
		{A91D9ED6-801C-4977-ADE9-7FA925647C14}.Release|Any CPU.ActiveCfg = Release|Any CPU
		{A91D9ED6-801C-4977-ADE9-7FA925647C14}.Release|Any CPU.Build.0 = Release|Any CPU
		{06B84412-985A-41A7-B0AF-B6587F625DA2}.Debug|Any CPU.ActiveCfg = Debug|Any CPU
		{06B84412-985A-41A7-B0AF-B6587F625DA2}.Debug|Any CPU.Build.0 = Debug|Any CPU
		{06B84412-985A-41A7-B0AF-B6587F625DA2}.Release|Any CPU.ActiveCfg = Release|Any CPU
		{06B84412-985A-41A7-B0AF-B6587F625DA2}.Release|Any CPU.Build.0 = Release|Any CPU
		{D7813AE3-C732-4146-ADCD-0CD0D0B6F329}.Debug|Any CPU.ActiveCfg = Debug|Any CPU
		{D7813AE3-C732-4146-ADCD-0CD0D0B6F329}.Debug|Any CPU.Build.0 = Debug|Any CPU
		{D7813AE3-C732-4146-ADCD-0CD0D0B6F329}.Release|Any CPU.ActiveCfg = Release|Any CPU
		{D7813AE3-C732-4146-ADCD-0CD0D0B6F329}.Release|Any CPU.Build.0 = Release|Any CPU
		{B9658386-AA89-460A-8C5C-943C50272869}.Debug|Any CPU.ActiveCfg = Debug|Any CPU
		{B9658386-AA89-460A-8C5C-943C50272869}.Debug|Any CPU.Build.0 = Debug|Any CPU
		{B9658386-AA89-460A-8C5C-943C50272869}.Release|Any CPU.ActiveCfg = Release|Any CPU
		{B9658386-AA89-460A-8C5C-943C50272869}.Release|Any CPU.Build.0 = Release|Any CPU
		{D621FA94-797F-40A2-ABA0-677B52D12A85}.Debug|Any CPU.ActiveCfg = Debug|Any CPU
		{D621FA94-797F-40A2-ABA0-677B52D12A85}.Debug|Any CPU.Build.0 = Debug|Any CPU
		{D621FA94-797F-40A2-ABA0-677B52D12A85}.Release|Any CPU.ActiveCfg = Release|Any CPU
		{D621FA94-797F-40A2-ABA0-677B52D12A85}.Release|Any CPU.Build.0 = Release|Any CPU
		{04E92EA2-E7FD-41CE-B695-0AD0FAE75CE9}.Debug|Any CPU.ActiveCfg = Debug|Any CPU
		{04E92EA2-E7FD-41CE-B695-0AD0FAE75CE9}.Debug|Any CPU.Build.0 = Debug|Any CPU
		{04E92EA2-E7FD-41CE-B695-0AD0FAE75CE9}.Release|Any CPU.ActiveCfg = Release|Any CPU
		{04E92EA2-E7FD-41CE-B695-0AD0FAE75CE9}.Release|Any CPU.Build.0 = Release|Any CPU
		{8B8A7285-C1BF-499C-B8A3-BC09BDFC2732}.Debug|Any CPU.ActiveCfg = Debug|Any CPU
		{8B8A7285-C1BF-499C-B8A3-BC09BDFC2732}.Debug|Any CPU.Build.0 = Debug|Any CPU
		{8B8A7285-C1BF-499C-B8A3-BC09BDFC2732}.Release|Any CPU.ActiveCfg = Release|Any CPU
		{8B8A7285-C1BF-499C-B8A3-BC09BDFC2732}.Release|Any CPU.Build.0 = Release|Any CPU
		{95F58946-D9CE-425C-BB41-EBB1693443EB}.Debug|Any CPU.ActiveCfg = Debug|Any CPU
		{95F58946-D9CE-425C-BB41-EBB1693443EB}.Debug|Any CPU.Build.0 = Debug|Any CPU
		{95F58946-D9CE-425C-BB41-EBB1693443EB}.Release|Any CPU.ActiveCfg = Release|Any CPU
		{95F58946-D9CE-425C-BB41-EBB1693443EB}.Release|Any CPU.Build.0 = Release|Any CPU
		{4E066452-E56F-4757-9212-149F716D6BA1}.Debug|Any CPU.ActiveCfg = Debug|Any CPU
		{4E066452-E56F-4757-9212-149F716D6BA1}.Debug|Any CPU.Build.0 = Debug|Any CPU
		{4E066452-E56F-4757-9212-149F716D6BA1}.Release|Any CPU.ActiveCfg = Release|Any CPU
		{4E066452-E56F-4757-9212-149F716D6BA1}.Release|Any CPU.Build.0 = Release|Any CPU
		{3089F3EA-9B1D-484A-8518-62216D1EBFB8}.Debug|Any CPU.ActiveCfg = Debug|Any CPU
		{3089F3EA-9B1D-484A-8518-62216D1EBFB8}.Debug|Any CPU.Build.0 = Debug|Any CPU
		{3089F3EA-9B1D-484A-8518-62216D1EBFB8}.Release|Any CPU.ActiveCfg = Release|Any CPU
		{3089F3EA-9B1D-484A-8518-62216D1EBFB8}.Release|Any CPU.Build.0 = Release|Any CPU
		{EF9F3DA7-18C6-4D4C-9265-42E7B2A57674}.Debug|Any CPU.ActiveCfg = Debug|Any CPU
		{EF9F3DA7-18C6-4D4C-9265-42E7B2A57674}.Debug|Any CPU.Build.0 = Debug|Any CPU
		{EF9F3DA7-18C6-4D4C-9265-42E7B2A57674}.Release|Any CPU.ActiveCfg = Release|Any CPU
		{EF9F3DA7-18C6-4D4C-9265-42E7B2A57674}.Release|Any CPU.Build.0 = Release|Any CPU
		{1F29ADE5-9478-4DA1-B218-04AC9F242A73}.Debug|Any CPU.ActiveCfg = Debug|Any CPU
		{1F29ADE5-9478-4DA1-B218-04AC9F242A73}.Debug|Any CPU.Build.0 = Debug|Any CPU
		{1F29ADE5-9478-4DA1-B218-04AC9F242A73}.Release|Any CPU.ActiveCfg = Release|Any CPU
		{1F29ADE5-9478-4DA1-B218-04AC9F242A73}.Release|Any CPU.Build.0 = Release|Any CPU
		{9557828F-401E-4CC2-9D40-DBAB0FEAEE56}.Debug|Any CPU.ActiveCfg = Debug|Any CPU
		{9557828F-401E-4CC2-9D40-DBAB0FEAEE56}.Debug|Any CPU.Build.0 = Debug|Any CPU
		{9557828F-401E-4CC2-9D40-DBAB0FEAEE56}.Release|Any CPU.ActiveCfg = Release|Any CPU
		{9557828F-401E-4CC2-9D40-DBAB0FEAEE56}.Release|Any CPU.Build.0 = Release|Any CPU
		{6FC9D4DF-C064-4419-B8B1-C76CC3A5CBC7}.Debug|Any CPU.ActiveCfg = Debug|Any CPU
		{6FC9D4DF-C064-4419-B8B1-C76CC3A5CBC7}.Debug|Any CPU.Build.0 = Debug|Any CPU
		{6FC9D4DF-C064-4419-B8B1-C76CC3A5CBC7}.Release|Any CPU.ActiveCfg = Release|Any CPU
		{6FC9D4DF-C064-4419-B8B1-C76CC3A5CBC7}.Release|Any CPU.Build.0 = Release|Any CPU
		{2473B8CF-4ED3-433F-91C9-70177C25BBDA}.Debug|Any CPU.ActiveCfg = Debug|Any CPU
		{2473B8CF-4ED3-433F-91C9-70177C25BBDA}.Debug|Any CPU.Build.0 = Debug|Any CPU
		{2473B8CF-4ED3-433F-91C9-70177C25BBDA}.Release|Any CPU.ActiveCfg = Release|Any CPU
		{2473B8CF-4ED3-433F-91C9-70177C25BBDA}.Release|Any CPU.Build.0 = Release|Any CPU
		{E661B883-10D6-4B5C-A58E-8CFE5583C928}.Debug|Any CPU.ActiveCfg = Debug|Any CPU
		{E661B883-10D6-4B5C-A58E-8CFE5583C928}.Debug|Any CPU.Build.0 = Debug|Any CPU
		{E661B883-10D6-4B5C-A58E-8CFE5583C928}.Release|Any CPU.ActiveCfg = Release|Any CPU
		{E661B883-10D6-4B5C-A58E-8CFE5583C928}.Release|Any CPU.Build.0 = Release|Any CPU
	EndGlobalSection
	GlobalSection(NestedProjects) = preSolution
		{A91D9ED6-801C-4977-ADE9-7FA925647C14} = {068C0860-364E-4BBF-833D-7059558D334D}
		{3B66649F-57FE-4413-BEEB-A9CFA2D17D89} = {4122B0D8-691D-4A54-8E64-C5D22B921624}
		{6CA4EB22-08AB-43EC-9BB6-2C83DD5C073C} = {3B66649F-57FE-4413-BEEB-A9CFA2D17D89}
		{06B84412-985A-41A7-B0AF-B6587F625DA2} = {6CA4EB22-08AB-43EC-9BB6-2C83DD5C073C}
		{D7813AE3-C732-4146-ADCD-0CD0D0B6F329} = {6CA4EB22-08AB-43EC-9BB6-2C83DD5C073C}
		{143560D2-BFA2-41AE-BE83-F274ADF6E6B8} = {3B66649F-57FE-4413-BEEB-A9CFA2D17D89}
		{B9658386-AA89-460A-8C5C-943C50272869} = {143560D2-BFA2-41AE-BE83-F274ADF6E6B8}
		{65020C31-8413-49F1-8B94-DB0F26B939DD} = {3B66649F-57FE-4413-BEEB-A9CFA2D17D89}
		{D621FA94-797F-40A2-ABA0-677B52D12A85} = {65020C31-8413-49F1-8B94-DB0F26B939DD}
		{E4289FAD-EBBC-44F8-B3E4-0140C94E1700} = {4122B0D8-691D-4A54-8E64-C5D22B921624}
		{E8A24D9E-D110-4106-B5BB-52B0B20FABDB} = {E4289FAD-EBBC-44F8-B3E4-0140C94E1700}
		{04E92EA2-E7FD-41CE-B695-0AD0FAE75CE9} = {E8A24D9E-D110-4106-B5BB-52B0B20FABDB}
		{8B8A7285-C1BF-499C-B8A3-BC09BDFC2732} = {E8A24D9E-D110-4106-B5BB-52B0B20FABDB}
		{11706C32-BE36-4B82-86A3-9A0DCB7606A2} = {E4289FAD-EBBC-44F8-B3E4-0140C94E1700}
		{95F58946-D9CE-425C-BB41-EBB1693443EB} = {11706C32-BE36-4B82-86A3-9A0DCB7606A2}
		{764E2640-0903-4D0D-875B-E54836CB8023} = {E4289FAD-EBBC-44F8-B3E4-0140C94E1700}
		{4E066452-E56F-4757-9212-149F716D6BA1} = {764E2640-0903-4D0D-875B-E54836CB8023}
		{0029D549-3091-4E48-B626-08054186A814} = {4122B0D8-691D-4A54-8E64-C5D22B921624}
		{1D811AAC-61E6-4D1C-98B6-59104296C6A1} = {0029D549-3091-4E48-B626-08054186A814}
		{3089F3EA-9B1D-484A-8518-62216D1EBFB8} = {1D811AAC-61E6-4D1C-98B6-59104296C6A1}
		{EF9F3DA7-18C6-4D4C-9265-42E7B2A57674} = {1D811AAC-61E6-4D1C-98B6-59104296C6A1}
		{01D2ABBF-E4C5-41AD-986C-45466B33479B} = {0029D549-3091-4E48-B626-08054186A814}
		{1F29ADE5-9478-4DA1-B218-04AC9F242A73} = {01D2ABBF-E4C5-41AD-986C-45466B33479B}
		{47CCFC30-65D0-490D-9FA3-491E5D9BCC74} = {0029D549-3091-4E48-B626-08054186A814}
		{9557828F-401E-4CC2-9D40-DBAB0FEAEE56} = {47CCFC30-65D0-490D-9FA3-491E5D9BCC74}
		{6FC9D4DF-C064-4419-B8B1-C76CC3A5CBC7} = {F1D2E529-479B-408E-9DAF-90EBF3FEE3DD}
		{2473B8CF-4ED3-433F-91C9-70177C25BBDA} = {F1D2E529-479B-408E-9DAF-90EBF3FEE3DD}
		{E661B883-10D6-4B5C-A58E-8CFE5583C928} = {5E42B2FA-8028-4816-B364-BB69746E3D6F}
	EndGlobalSection
EndGlobal
