
Microsoft Visual Studio Solution File, Format Version 12.00
# Visual Studio Version 17
VisualStudioVersion = 17.0.31903.59
MinimumVisualStudioVersion = 10.0.40219.1
Project("{2150E333-8FDC-42A3-9474-1A3956D46DE8}") = "Common", "Common", "{62FBF650-63FD-4843-9812-0DF2B55D5B16}"
EndProject
Project("{FAE04EC0-301F-11D3-BF4B-00C04F79EFBC}") = "QuickCode.Demo.Common", "Common\QuickCode.Demo.Common\QuickCode.Demo.Common.csproj", "{0244B009-B26B-4195-9477-E221DC732BC2}"
EndProject
Project("{2150E333-8FDC-42A3-9474-1A3956D46DE8}") = "Modules", "Modules", "{008B6E79-5C90-4AFC-A91B-8269CFD4B34D}"
EndProject
Project("{2150E333-8FDC-42A3-9474-1A3956D46DE8}") = "UserManagerModule", "UserManagerModule", "{1853A580-B930-4A18-AE7D-27C37C2A2D00}"
EndProject
Project("{2150E333-8FDC-42A3-9474-1A3956D46DE8}") = "Core", "Core", "{7AE080F9-2E96-470D-842A-FDA51C2047AC}"
EndProject
Project("{FAE04EC0-301F-11D3-BF4B-00C04F79EFBC}") = "QuickCode.Demo.UserManagerModule.Application", "Modules\UserManagerModule\Core\QuickCode.Demo.UserManagerModule.Application\QuickCode.Demo.UserManagerModule.Application.csproj", "{F688E626-7E9B-43C2-922F-2CDCC60E1E87}"
EndProject
Project("{FAE04EC0-301F-11D3-BF4B-00C04F79EFBC}") = "QuickCode.Demo.UserManagerModule.Domain", "Modules\UserManagerModule\Core\QuickCode.Demo.UserManagerModule.Domain\QuickCode.Demo.UserManagerModule.Domain.csproj", "{EDD6080D-3785-453D-AA80-9195F49CF07B}"
EndProject
Project("{2150E333-8FDC-42A3-9474-1A3956D46DE8}") = "Infrastructure", "Infrastructure", "{6441E061-765C-4F72-AD7B-6755252FB7FA}"
EndProject
Project("{FAE04EC0-301F-11D3-BF4B-00C04F79EFBC}") = "QuickCode.Demo.UserManagerModule.Persistence", "Modules\UserManagerModule\Infrastructure\QuickCode.Demo.UserManagerModule.Persistence\QuickCode.Demo.UserManagerModule.Persistence.csproj", "{BFCBE277-3F4A-43D2-88F0-B8DD87653A74}"
EndProject
Project("{2150E333-8FDC-42A3-9474-1A3956D46DE8}") = "Presentation", "Presentation", "{9FF5CD12-6588-488B-865C-373F1DEED3A9}"
EndProject
Project("{FAE04EC0-301F-11D3-BF4B-00C04F79EFBC}") = "QuickCode.Demo.UserManagerModule.Api", "Modules\UserManagerModule\Presentation\QuickCode.Demo.UserManagerModule.Api\QuickCode.Demo.UserManagerModule.Api.csproj", "{386E0945-04F9-47EF-BE18-F42374BAD249}"
EndProject
Project("{2150E333-8FDC-42A3-9474-1A3956D46DE8}") = "EmailManagerModule", "EmailManagerModule", "{E20B0B9A-CC9E-4344-9783-878F94764C12}"
EndProject
Project("{2150E333-8FDC-42A3-9474-1A3956D46DE8}") = "Core", "Core", "{21099C4E-B2CC-40A5-B794-A7F38F2ED87C}"
EndProject
Project("{FAE04EC0-301F-11D3-BF4B-00C04F79EFBC}") = "QuickCode.Demo.EmailManagerModule.Application", "Modules\EmailManagerModule\Core\QuickCode.Demo.EmailManagerModule.Application\QuickCode.Demo.EmailManagerModule.Application.csproj", "{C7F5AEA1-45E9-464A-8B3D-B63AB38DF314}"
EndProject
Project("{FAE04EC0-301F-11D3-BF4B-00C04F79EFBC}") = "QuickCode.Demo.EmailManagerModule.Domain", "Modules\EmailManagerModule\Core\QuickCode.Demo.EmailManagerModule.Domain\QuickCode.Demo.EmailManagerModule.Domain.csproj", "{692E7625-10EC-4C62-A2AF-B56970CD5776}"
EndProject
Project("{2150E333-8FDC-42A3-9474-1A3956D46DE8}") = "Infrastructure", "Infrastructure", "{ADE1ACD2-470A-477A-A9CA-ADC1B889F3B2}"
EndProject
Project("{FAE04EC0-301F-11D3-BF4B-00C04F79EFBC}") = "QuickCode.Demo.EmailManagerModule.Persistence", "Modules\EmailManagerModule\Infrastructure\QuickCode.Demo.EmailManagerModule.Persistence\QuickCode.Demo.EmailManagerModule.Persistence.csproj", "{8B5FBB34-FF7B-4C4D-AC97-C1CB64BDD327}"
EndProject
Project("{2150E333-8FDC-42A3-9474-1A3956D46DE8}") = "Presentation", "Presentation", "{61ACEF89-2D3E-4343-8342-6D7CC9EB6926}"
EndProject
Project("{FAE04EC0-301F-11D3-BF4B-00C04F79EFBC}") = "QuickCode.Demo.EmailManagerModule.Api", "Modules\EmailManagerModule\Presentation\QuickCode.Demo.EmailManagerModule.Api\QuickCode.Demo.EmailManagerModule.Api.csproj", "{9033758C-FC20-4445-B09E-CEA1ACF1DE45}"
EndProject
Project("{2150E333-8FDC-42A3-9474-1A3956D46DE8}") = "SmsManagerModule", "SmsManagerModule", "{65CE2164-705D-402D-8AD1-7CDA73B0A03A}"
EndProject
Project("{2150E333-8FDC-42A3-9474-1A3956D46DE8}") = "Core", "Core", "{A799F93A-375A-4D2C-8EC5-30F9D91050F7}"
EndProject
Project("{FAE04EC0-301F-11D3-BF4B-00C04F79EFBC}") = "QuickCode.Demo.SmsManagerModule.Application", "Modules\SmsManagerModule\Core\QuickCode.Demo.SmsManagerModule.Application\QuickCode.Demo.SmsManagerModule.Application.csproj", "{1D24EBD6-E800-4BC3-B1E4-3AC5A3E00A22}"
EndProject
Project("{FAE04EC0-301F-11D3-BF4B-00C04F79EFBC}") = "QuickCode.Demo.SmsManagerModule.Domain", "Modules\SmsManagerModule\Core\QuickCode.Demo.SmsManagerModule.Domain\QuickCode.Demo.SmsManagerModule.Domain.csproj", "{A8941ECD-D8CB-4F25-8A96-A98E71409D0A}"
EndProject
Project("{2150E333-8FDC-42A3-9474-1A3956D46DE8}") = "Infrastructure", "Infrastructure", "{53CF21C8-AB31-4587-8D50-6AF29320C247}"
EndProject
Project("{FAE04EC0-301F-11D3-BF4B-00C04F79EFBC}") = "QuickCode.Demo.SmsManagerModule.Persistence", "Modules\SmsManagerModule\Infrastructure\QuickCode.Demo.SmsManagerModule.Persistence\QuickCode.Demo.SmsManagerModule.Persistence.csproj", "{80028353-6C16-461C-BA24-AF96D1663DA1}"
EndProject
Project("{2150E333-8FDC-42A3-9474-1A3956D46DE8}") = "Presentation", "Presentation", "{AA3E1D46-92C6-4B82-8FE3-3DF125CA07A9}"
EndProject
Project("{FAE04EC0-301F-11D3-BF4B-00C04F79EFBC}") = "QuickCode.Demo.SmsManagerModule.Api", "Modules\SmsManagerModule\Presentation\QuickCode.Demo.SmsManagerModule.Api\QuickCode.Demo.SmsManagerModule.Api.csproj", "{BD4257B2-53E4-46C3-BE45-BFABC07758C7}"
EndProject
Project("{2150E333-8FDC-42A3-9474-1A3956D46DE8}") = "Presentation", "Presentation", "{BBF1310D-2DDF-44B0-8C09-F04083C8D855}"
EndProject
Project("{FAE04EC0-301F-11D3-BF4B-00C04F79EFBC}") = "QuickCode.Demo.Gateway", "Presentation\QuickCode.Demo.Gateway\QuickCode.Demo.Gateway.csproj", "{013D4B9F-4419-49BB-A9D3-D76F69B0380D}"
EndProject
Project("{FAE04EC0-301F-11D3-BF4B-00C04F79EFBC}") = "QuickCode.Demo.Portal", "Presentation\QuickCode.Demo.Portal\QuickCode.Demo.Portal.csproj", "{49A90A53-03AB-42D4-9342-CC51C1806E68}"
EndProject
Project("{2150E333-8FDC-42A3-9474-1A3956D46DE8}") = "Services", "Services", "{FBA53DC2-5519-4180-9225-6EC9FE9AFE74}"
EndProject
Project("{FAE04EC0-301F-11D3-BF4B-00C04F79EFBC}") = "QuickCode.Demo.EventListenerService", "Services\QuickCode.Demo.EventListenerService\QuickCode.Demo.EventListenerService.csproj", "{D00CBE96-4AA5-47DC-877D-D3C7C1CBC483}"
EndProject
Global
	GlobalSection(SolutionConfigurationPlatforms) = preSolution
		Debug|Any CPU = Debug|Any CPU
		Release|Any CPU = Release|Any CPU
	EndGlobalSection
	GlobalSection(SolutionProperties) = preSolution
		HideSolutionNode = FALSE
	EndGlobalSection
	GlobalSection(ProjectConfigurationPlatforms) = postSolution
		{0244B009-B26B-4195-9477-E221DC732BC2}.Debug|Any CPU.ActiveCfg = Debug|Any CPU
		{0244B009-B26B-4195-9477-E221DC732BC2}.Debug|Any CPU.Build.0 = Debug|Any CPU
		{0244B009-B26B-4195-9477-E221DC732BC2}.Release|Any CPU.ActiveCfg = Release|Any CPU
		{0244B009-B26B-4195-9477-E221DC732BC2}.Release|Any CPU.Build.0 = Release|Any CPU
		{F688E626-7E9B-43C2-922F-2CDCC60E1E87}.Debug|Any CPU.ActiveCfg = Debug|Any CPU
		{F688E626-7E9B-43C2-922F-2CDCC60E1E87}.Debug|Any CPU.Build.0 = Debug|Any CPU
		{F688E626-7E9B-43C2-922F-2CDCC60E1E87}.Release|Any CPU.ActiveCfg = Release|Any CPU
		{F688E626-7E9B-43C2-922F-2CDCC60E1E87}.Release|Any CPU.Build.0 = Release|Any CPU
		{EDD6080D-3785-453D-AA80-9195F49CF07B}.Debug|Any CPU.ActiveCfg = Debug|Any CPU
		{EDD6080D-3785-453D-AA80-9195F49CF07B}.Debug|Any CPU.Build.0 = Debug|Any CPU
		{EDD6080D-3785-453D-AA80-9195F49CF07B}.Release|Any CPU.ActiveCfg = Release|Any CPU
		{EDD6080D-3785-453D-AA80-9195F49CF07B}.Release|Any CPU.Build.0 = Release|Any CPU
		{BFCBE277-3F4A-43D2-88F0-B8DD87653A74}.Debug|Any CPU.ActiveCfg = Debug|Any CPU
		{BFCBE277-3F4A-43D2-88F0-B8DD87653A74}.Debug|Any CPU.Build.0 = Debug|Any CPU
		{BFCBE277-3F4A-43D2-88F0-B8DD87653A74}.Release|Any CPU.ActiveCfg = Release|Any CPU
		{BFCBE277-3F4A-43D2-88F0-B8DD87653A74}.Release|Any CPU.Build.0 = Release|Any CPU
		{386E0945-04F9-47EF-BE18-F42374BAD249}.Debug|Any CPU.ActiveCfg = Debug|Any CPU
		{386E0945-04F9-47EF-BE18-F42374BAD249}.Debug|Any CPU.Build.0 = Debug|Any CPU
		{386E0945-04F9-47EF-BE18-F42374BAD249}.Release|Any CPU.ActiveCfg = Release|Any CPU
		{386E0945-04F9-47EF-BE18-F42374BAD249}.Release|Any CPU.Build.0 = Release|Any CPU
		{C7F5AEA1-45E9-464A-8B3D-B63AB38DF314}.Debug|Any CPU.ActiveCfg = Debug|Any CPU
		{C7F5AEA1-45E9-464A-8B3D-B63AB38DF314}.Debug|Any CPU.Build.0 = Debug|Any CPU
		{C7F5AEA1-45E9-464A-8B3D-B63AB38DF314}.Release|Any CPU.ActiveCfg = Release|Any CPU
		{C7F5AEA1-45E9-464A-8B3D-B63AB38DF314}.Release|Any CPU.Build.0 = Release|Any CPU
		{692E7625-10EC-4C62-A2AF-B56970CD5776}.Debug|Any CPU.ActiveCfg = Debug|Any CPU
		{692E7625-10EC-4C62-A2AF-B56970CD5776}.Debug|Any CPU.Build.0 = Debug|Any CPU
		{692E7625-10EC-4C62-A2AF-B56970CD5776}.Release|Any CPU.ActiveCfg = Release|Any CPU
		{692E7625-10EC-4C62-A2AF-B56970CD5776}.Release|Any CPU.Build.0 = Release|Any CPU
		{8B5FBB34-FF7B-4C4D-AC97-C1CB64BDD327}.Debug|Any CPU.ActiveCfg = Debug|Any CPU
		{8B5FBB34-FF7B-4C4D-AC97-C1CB64BDD327}.Debug|Any CPU.Build.0 = Debug|Any CPU
		{8B5FBB34-FF7B-4C4D-AC97-C1CB64BDD327}.Release|Any CPU.ActiveCfg = Release|Any CPU
		{8B5FBB34-FF7B-4C4D-AC97-C1CB64BDD327}.Release|Any CPU.Build.0 = Release|Any CPU
		{9033758C-FC20-4445-B09E-CEA1ACF1DE45}.Debug|Any CPU.ActiveCfg = Debug|Any CPU
		{9033758C-FC20-4445-B09E-CEA1ACF1DE45}.Debug|Any CPU.Build.0 = Debug|Any CPU
		{9033758C-FC20-4445-B09E-CEA1ACF1DE45}.Release|Any CPU.ActiveCfg = Release|Any CPU
		{9033758C-FC20-4445-B09E-CEA1ACF1DE45}.Release|Any CPU.Build.0 = Release|Any CPU
		{1D24EBD6-E800-4BC3-B1E4-3AC5A3E00A22}.Debug|Any CPU.ActiveCfg = Debug|Any CPU
		{1D24EBD6-E800-4BC3-B1E4-3AC5A3E00A22}.Debug|Any CPU.Build.0 = Debug|Any CPU
		{1D24EBD6-E800-4BC3-B1E4-3AC5A3E00A22}.Release|Any CPU.ActiveCfg = Release|Any CPU
		{1D24EBD6-E800-4BC3-B1E4-3AC5A3E00A22}.Release|Any CPU.Build.0 = Release|Any CPU
		{A8941ECD-D8CB-4F25-8A96-A98E71409D0A}.Debug|Any CPU.ActiveCfg = Debug|Any CPU
		{A8941ECD-D8CB-4F25-8A96-A98E71409D0A}.Debug|Any CPU.Build.0 = Debug|Any CPU
		{A8941ECD-D8CB-4F25-8A96-A98E71409D0A}.Release|Any CPU.ActiveCfg = Release|Any CPU
		{A8941ECD-D8CB-4F25-8A96-A98E71409D0A}.Release|Any CPU.Build.0 = Release|Any CPU
		{80028353-6C16-461C-BA24-AF96D1663DA1}.Debug|Any CPU.ActiveCfg = Debug|Any CPU
		{80028353-6C16-461C-BA24-AF96D1663DA1}.Debug|Any CPU.Build.0 = Debug|Any CPU
		{80028353-6C16-461C-BA24-AF96D1663DA1}.Release|Any CPU.ActiveCfg = Release|Any CPU
		{80028353-6C16-461C-BA24-AF96D1663DA1}.Release|Any CPU.Build.0 = Release|Any CPU
		{BD4257B2-53E4-46C3-BE45-BFABC07758C7}.Debug|Any CPU.ActiveCfg = Debug|Any CPU
		{BD4257B2-53E4-46C3-BE45-BFABC07758C7}.Debug|Any CPU.Build.0 = Debug|Any CPU
		{BD4257B2-53E4-46C3-BE45-BFABC07758C7}.Release|Any CPU.ActiveCfg = Release|Any CPU
		{BD4257B2-53E4-46C3-BE45-BFABC07758C7}.Release|Any CPU.Build.0 = Release|Any CPU
		{013D4B9F-4419-49BB-A9D3-D76F69B0380D}.Debug|Any CPU.ActiveCfg = Debug|Any CPU
		{013D4B9F-4419-49BB-A9D3-D76F69B0380D}.Debug|Any CPU.Build.0 = Debug|Any CPU
		{013D4B9F-4419-49BB-A9D3-D76F69B0380D}.Release|Any CPU.ActiveCfg = Release|Any CPU
		{013D4B9F-4419-49BB-A9D3-D76F69B0380D}.Release|Any CPU.Build.0 = Release|Any CPU
		{49A90A53-03AB-42D4-9342-CC51C1806E68}.Debug|Any CPU.ActiveCfg = Debug|Any CPU
		{49A90A53-03AB-42D4-9342-CC51C1806E68}.Debug|Any CPU.Build.0 = Debug|Any CPU
		{49A90A53-03AB-42D4-9342-CC51C1806E68}.Release|Any CPU.ActiveCfg = Release|Any CPU
		{49A90A53-03AB-42D4-9342-CC51C1806E68}.Release|Any CPU.Build.0 = Release|Any CPU
		{D00CBE96-4AA5-47DC-877D-D3C7C1CBC483}.Debug|Any CPU.ActiveCfg = Debug|Any CPU
		{D00CBE96-4AA5-47DC-877D-D3C7C1CBC483}.Debug|Any CPU.Build.0 = Debug|Any CPU
		{D00CBE96-4AA5-47DC-877D-D3C7C1CBC483}.Release|Any CPU.ActiveCfg = Release|Any CPU
		{D00CBE96-4AA5-47DC-877D-D3C7C1CBC483}.Release|Any CPU.Build.0 = Release|Any CPU
	EndGlobalSection
	GlobalSection(NestedProjects) = preSolution
		{0244B009-B26B-4195-9477-E221DC732BC2} = {62FBF650-63FD-4843-9812-0DF2B55D5B16}
		{1853A580-B930-4A18-AE7D-27C37C2A2D00} = {008B6E79-5C90-4AFC-A91B-8269CFD4B34D}
		{7AE080F9-2E96-470D-842A-FDA51C2047AC} = {1853A580-B930-4A18-AE7D-27C37C2A2D00}
		{F688E626-7E9B-43C2-922F-2CDCC60E1E87} = {7AE080F9-2E96-470D-842A-FDA51C2047AC}
		{EDD6080D-3785-453D-AA80-9195F49CF07B} = {7AE080F9-2E96-470D-842A-FDA51C2047AC}
		{6441E061-765C-4F72-AD7B-6755252FB7FA} = {1853A580-B930-4A18-AE7D-27C37C2A2D00}
		{BFCBE277-3F4A-43D2-88F0-B8DD87653A74} = {6441E061-765C-4F72-AD7B-6755252FB7FA}
		{9FF5CD12-6588-488B-865C-373F1DEED3A9} = {1853A580-B930-4A18-AE7D-27C37C2A2D00}
		{386E0945-04F9-47EF-BE18-F42374BAD249} = {9FF5CD12-6588-488B-865C-373F1DEED3A9}
		{E20B0B9A-CC9E-4344-9783-878F94764C12} = {008B6E79-5C90-4AFC-A91B-8269CFD4B34D}
		{21099C4E-B2CC-40A5-B794-A7F38F2ED87C} = {E20B0B9A-CC9E-4344-9783-878F94764C12}
		{C7F5AEA1-45E9-464A-8B3D-B63AB38DF314} = {21099C4E-B2CC-40A5-B794-A7F38F2ED87C}
		{692E7625-10EC-4C62-A2AF-B56970CD5776} = {21099C4E-B2CC-40A5-B794-A7F38F2ED87C}
		{ADE1ACD2-470A-477A-A9CA-ADC1B889F3B2} = {E20B0B9A-CC9E-4344-9783-878F94764C12}
		{8B5FBB34-FF7B-4C4D-AC97-C1CB64BDD327} = {ADE1ACD2-470A-477A-A9CA-ADC1B889F3B2}
		{61ACEF89-2D3E-4343-8342-6D7CC9EB6926} = {E20B0B9A-CC9E-4344-9783-878F94764C12}
		{9033758C-FC20-4445-B09E-CEA1ACF1DE45} = {61ACEF89-2D3E-4343-8342-6D7CC9EB6926}
		{65CE2164-705D-402D-8AD1-7CDA73B0A03A} = {008B6E79-5C90-4AFC-A91B-8269CFD4B34D}
		{A799F93A-375A-4D2C-8EC5-30F9D91050F7} = {65CE2164-705D-402D-8AD1-7CDA73B0A03A}
		{1D24EBD6-E800-4BC3-B1E4-3AC5A3E00A22} = {A799F93A-375A-4D2C-8EC5-30F9D91050F7}
		{A8941ECD-D8CB-4F25-8A96-A98E71409D0A} = {A799F93A-375A-4D2C-8EC5-30F9D91050F7}
		{53CF21C8-AB31-4587-8D50-6AF29320C247} = {65CE2164-705D-402D-8AD1-7CDA73B0A03A}
		{80028353-6C16-461C-BA24-AF96D1663DA1} = {53CF21C8-AB31-4587-8D50-6AF29320C247}
		{AA3E1D46-92C6-4B82-8FE3-3DF125CA07A9} = {65CE2164-705D-402D-8AD1-7CDA73B0A03A}
		{BD4257B2-53E4-46C3-BE45-BFABC07758C7} = {AA3E1D46-92C6-4B82-8FE3-3DF125CA07A9}
		{013D4B9F-4419-49BB-A9D3-D76F69B0380D} = {BBF1310D-2DDF-44B0-8C09-F04083C8D855}
		{49A90A53-03AB-42D4-9342-CC51C1806E68} = {BBF1310D-2DDF-44B0-8C09-F04083C8D855}
		{D00CBE96-4AA5-47DC-877D-D3C7C1CBC483} = {FBA53DC2-5519-4180-9225-6EC9FE9AFE74}
	EndGlobalSection
EndGlobal
