
Microsoft Visual Studio Solution File, Format Version 12.00
# Visual Studio Version 17
VisualStudioVersion = 17.0.31903.59
MinimumVisualStudioVersion = 10.0.40219.1
Project("{E53339B2-1760-4266-BCC7-CA923CBCF16C}") = "docker-compose", "docker-compose.dcproj", "{89759A6E-14F1-2247-A87E-6F1EB0C04123}"
EndProject
Project("{2150E333-8FDC-42A3-9474-1A3956D46DE8}") = "Common", "Common", "{C55C674A-FC75-4EF1-B58F-745FAAF3F5CC}"
EndProject
Project("{FAE04EC0-301F-11D3-BF4B-00C04F79EFBC}") = "QuickCode.Demo.Common", "Common\QuickCode.Demo.Common\QuickCode.Demo.Common.csproj", "{EA1032C3-8672-44EF-A773-A46F0FF33E41}"
EndProject
Project("{2150E333-8FDC-42A3-9474-1A3956D46DE8}") = "Modules", "Modules", "{D900C16D-2C53-466F-929A-AD3587F15DB6}"
EndProject
Project("{2150E333-8FDC-42A3-9474-1A3956D46DE8}") = "UserManagerModule", "UserManagerModule", "{A6F3724A-11C4-4819-AB06-15CAB237767D}"
EndProject
Project("{2150E333-8FDC-42A3-9474-1A3956D46DE8}") = "Core", "Core", "{5C26EA54-9194-444E-916C-A5ECF10767DA}"
EndProject
Project("{FAE04EC0-301F-11D3-BF4B-00C04F79EFBC}") = "QuickCode.Demo.UserManagerModule.Application", "Modules\UserManagerModule\Core\QuickCode.Demo.UserManagerModule.Application\QuickCode.Demo.UserManagerModule.Application.csproj", "{AD827627-9DFA-4FAB-AC4F-F12428C12906}"
EndProject
Project("{FAE04EC0-301F-11D3-BF4B-00C04F79EFBC}") = "QuickCode.Demo.UserManagerModule.Domain", "Modules\UserManagerModule\Core\QuickCode.Demo.UserManagerModule.Domain\QuickCode.Demo.UserManagerModule.Domain.csproj", "{2F2B0FB9-F08F-4CC3-9206-E3D4C37DE6FF}"
EndProject
Project("{2150E333-8FDC-42A3-9474-1A3956D46DE8}") = "Infrastructure", "Infrastructure", "{3787F81E-B9E9-459A-80EB-8D3A897A1F57}"
EndProject
Project("{FAE04EC0-301F-11D3-BF4B-00C04F79EFBC}") = "QuickCode.Demo.UserManagerModule.Persistence", "Modules\UserManagerModule\Infrastructure\QuickCode.Demo.UserManagerModule.Persistence\QuickCode.Demo.UserManagerModule.Persistence.csproj", "{B428AF99-684D-419F-83CE-52742EBC325D}"
EndProject
Project("{2150E333-8FDC-42A3-9474-1A3956D46DE8}") = "Presentation", "Presentation", "{2991623F-720C-4824-BB1A-133B2EF9CD8C}"
EndProject
Project("{FAE04EC0-301F-11D3-BF4B-00C04F79EFBC}") = "QuickCode.Demo.UserManagerModule.Api", "Modules\UserManagerModule\Presentation\QuickCode.Demo.UserManagerModule.Api\QuickCode.Demo.UserManagerModule.Api.csproj", "{97FEA92C-D77C-43A7-B7AD-E0306434251F}"
EndProject
Project("{2150E333-8FDC-42A3-9474-1A3956D46DE8}") = "EmailManagerModule", "EmailManagerModule", "{1AC312E6-9329-47AE-A0FA-F9049B83F76F}"
EndProject
Project("{2150E333-8FDC-42A3-9474-1A3956D46DE8}") = "Core", "Core", "{6288F704-C542-484F-B027-81A9A57D9005}"
EndProject
Project("{FAE04EC0-301F-11D3-BF4B-00C04F79EFBC}") = "QuickCode.Demo.EmailManagerModule.Application", "Modules\EmailManagerModule\Core\QuickCode.Demo.EmailManagerModule.Application\QuickCode.Demo.EmailManagerModule.Application.csproj", "{B9222CE2-709D-4B07-9D4F-1CBCBAB5A5E0}"
EndProject
Project("{FAE04EC0-301F-11D3-BF4B-00C04F79EFBC}") = "QuickCode.Demo.EmailManagerModule.Domain", "Modules\EmailManagerModule\Core\QuickCode.Demo.EmailManagerModule.Domain\QuickCode.Demo.EmailManagerModule.Domain.csproj", "{70958937-A86A-4467-8F3B-30BE3ECA9763}"
EndProject
Project("{2150E333-8FDC-42A3-9474-1A3956D46DE8}") = "Infrastructure", "Infrastructure", "{7561BD0B-EEA6-4FBB-B80B-22FF24594B4B}"
EndProject
Project("{FAE04EC0-301F-11D3-BF4B-00C04F79EFBC}") = "QuickCode.Demo.EmailManagerModule.Persistence", "Modules\EmailManagerModule\Infrastructure\QuickCode.Demo.EmailManagerModule.Persistence\QuickCode.Demo.EmailManagerModule.Persistence.csproj", "{F95CB78B-63B3-4C64-AA2F-58083397DD74}"
EndProject
Project("{2150E333-8FDC-42A3-9474-1A3956D46DE8}") = "Presentation", "Presentation", "{713D90EF-734D-42B0-A4DA-31CF74DAE152}"
EndProject
Project("{FAE04EC0-301F-11D3-BF4B-00C04F79EFBC}") = "QuickCode.Demo.EmailManagerModule.Api", "Modules\EmailManagerModule\Presentation\QuickCode.Demo.EmailManagerModule.Api\QuickCode.Demo.EmailManagerModule.Api.csproj", "{67FCCEF8-E6CA-444A-A35C-C222922020EF}"
EndProject
Project("{2150E333-8FDC-42A3-9474-1A3956D46DE8}") = "SmsManagerModule", "SmsManagerModule", "{2D2886E2-BEE1-4C24-A825-AAB0168F6A5E}"
EndProject
Project("{2150E333-8FDC-42A3-9474-1A3956D46DE8}") = "Core", "Core", "{65A0CB6D-3164-4958-9DAE-37FC4A0C6F8E}"
EndProject
Project("{FAE04EC0-301F-11D3-BF4B-00C04F79EFBC}") = "QuickCode.Demo.SmsManagerModule.Application", "Modules\SmsManagerModule\Core\QuickCode.Demo.SmsManagerModule.Application\QuickCode.Demo.SmsManagerModule.Application.csproj", "{E1A38CB1-23E0-42A7-9484-43FA84A244CF}"
EndProject
Project("{FAE04EC0-301F-11D3-BF4B-00C04F79EFBC}") = "QuickCode.Demo.SmsManagerModule.Domain", "Modules\SmsManagerModule\Core\QuickCode.Demo.SmsManagerModule.Domain\QuickCode.Demo.SmsManagerModule.Domain.csproj", "{64D2733D-9310-467C-90FC-B1B0933800EA}"
EndProject
Project("{2150E333-8FDC-42A3-9474-1A3956D46DE8}") = "Infrastructure", "Infrastructure", "{BD2FAC72-DFD2-4102-8160-56B46818E7A4}"
EndProject
Project("{FAE04EC0-301F-11D3-BF4B-00C04F79EFBC}") = "QuickCode.Demo.SmsManagerModule.Persistence", "Modules\SmsManagerModule\Infrastructure\QuickCode.Demo.SmsManagerModule.Persistence\QuickCode.Demo.SmsManagerModule.Persistence.csproj", "{2EB8F48B-3F72-469A-AF8E-57AADAD1DED9}"
EndProject
Project("{2150E333-8FDC-42A3-9474-1A3956D46DE8}") = "Presentation", "Presentation", "{25E019EE-31B6-49B3-872D-111C8476B913}"
EndProject
Project("{FAE04EC0-301F-11D3-BF4B-00C04F79EFBC}") = "QuickCode.Demo.SmsManagerModule.Api", "Modules\SmsManagerModule\Presentation\QuickCode.Demo.SmsManagerModule.Api\QuickCode.Demo.SmsManagerModule.Api.csproj", "{9069EFD4-CFEB-41D5-A035-80952981974A}"
EndProject
Project("{2150E333-8FDC-42A3-9474-1A3956D46DE8}") = "Presentation", "Presentation", "{8C345F1C-086C-4DCC-AFFC-586A1E84B0BF}"
EndProject
Project("{FAE04EC0-301F-11D3-BF4B-00C04F79EFBC}") = "QuickCode.Demo.Gateway", "Presentation\QuickCode.Demo.Gateway\QuickCode.Demo.Gateway.csproj", "{CEC33DA2-2FD3-4FEF-9E78-3C117657A53C}"
EndProject
Project("{FAE04EC0-301F-11D3-BF4B-00C04F79EFBC}") = "QuickCode.Demo.Portal", "Presentation\QuickCode.Demo.Portal\QuickCode.Demo.Portal.csproj", "{F0BF6934-5A3C-4813-8B77-AC3B8CDDE3BA}"
EndProject
Project("{2150E333-8FDC-42A3-9474-1A3956D46DE8}") = "Services", "Services", "{54494487-2C78-4AC1-B714-E247B52C1B86}"
EndProject
Project("{FAE04EC0-301F-11D3-BF4B-00C04F79EFBC}") = "QuickCode.Demo.EventListenerService", "Services\QuickCode.Demo.EventListenerService\QuickCode.Demo.EventListenerService.csproj", "{D715C884-DE4B-48D4-837C-04783EA9BEE1}"
EndProject
Global
	GlobalSection(SolutionConfigurationPlatforms) = preSolution
		Debug|Any CPU = Debug|Any CPU
		Release|Any CPU = Release|Any CPU
	EndGlobalSection
	GlobalSection(SolutionProperties) = preSolution
		HideSolutionNode = FALSE
	EndGlobalSection
	GlobalSection(ProjectConfigurationPlatforms) = postSolution
		{89759A6E-14F1-2247-A87E-6F1EB0C04123}.Debug|Any CPU.ActiveCfg = Debug|Any CPU
		{89759A6E-14F1-2247-A87E-6F1EB0C04123}.Debug|Any CPU.Build.0 = Debug|Any CPU
		{89759A6E-14F1-2247-A87E-6F1EB0C04123}.Release|Any CPU.ActiveCfg = Release|Any CPU
		{89759A6E-14F1-2247-A87E-6F1EB0C04123}.Release|Any CPU.Build.0 = Release|Any CPU
		{EA1032C3-8672-44EF-A773-A46F0FF33E41}.Debug|Any CPU.ActiveCfg = Debug|Any CPU
		{EA1032C3-8672-44EF-A773-A46F0FF33E41}.Debug|Any CPU.Build.0 = Debug|Any CPU
		{EA1032C3-8672-44EF-A773-A46F0FF33E41}.Release|Any CPU.ActiveCfg = Release|Any CPU
		{EA1032C3-8672-44EF-A773-A46F0FF33E41}.Release|Any CPU.Build.0 = Release|Any CPU
		{AD827627-9DFA-4FAB-AC4F-F12428C12906}.Debug|Any CPU.ActiveCfg = Debug|Any CPU
		{AD827627-9DFA-4FAB-AC4F-F12428C12906}.Debug|Any CPU.Build.0 = Debug|Any CPU
		{AD827627-9DFA-4FAB-AC4F-F12428C12906}.Release|Any CPU.ActiveCfg = Release|Any CPU
		{AD827627-9DFA-4FAB-AC4F-F12428C12906}.Release|Any CPU.Build.0 = Release|Any CPU
		{2F2B0FB9-F08F-4CC3-9206-E3D4C37DE6FF}.Debug|Any CPU.ActiveCfg = Debug|Any CPU
		{2F2B0FB9-F08F-4CC3-9206-E3D4C37DE6FF}.Debug|Any CPU.Build.0 = Debug|Any CPU
		{2F2B0FB9-F08F-4CC3-9206-E3D4C37DE6FF}.Release|Any CPU.ActiveCfg = Release|Any CPU
		{2F2B0FB9-F08F-4CC3-9206-E3D4C37DE6FF}.Release|Any CPU.Build.0 = Release|Any CPU
		{B428AF99-684D-419F-83CE-52742EBC325D}.Debug|Any CPU.ActiveCfg = Debug|Any CPU
		{B428AF99-684D-419F-83CE-52742EBC325D}.Debug|Any CPU.Build.0 = Debug|Any CPU
		{B428AF99-684D-419F-83CE-52742EBC325D}.Release|Any CPU.ActiveCfg = Release|Any CPU
		{B428AF99-684D-419F-83CE-52742EBC325D}.Release|Any CPU.Build.0 = Release|Any CPU
		{97FEA92C-D77C-43A7-B7AD-E0306434251F}.Debug|Any CPU.ActiveCfg = Debug|Any CPU
		{97FEA92C-D77C-43A7-B7AD-E0306434251F}.Debug|Any CPU.Build.0 = Debug|Any CPU
		{97FEA92C-D77C-43A7-B7AD-E0306434251F}.Release|Any CPU.ActiveCfg = Release|Any CPU
		{97FEA92C-D77C-43A7-B7AD-E0306434251F}.Release|Any CPU.Build.0 = Release|Any CPU
		{B9222CE2-709D-4B07-9D4F-1CBCBAB5A5E0}.Debug|Any CPU.ActiveCfg = Debug|Any CPU
		{B9222CE2-709D-4B07-9D4F-1CBCBAB5A5E0}.Debug|Any CPU.Build.0 = Debug|Any CPU
		{B9222CE2-709D-4B07-9D4F-1CBCBAB5A5E0}.Release|Any CPU.ActiveCfg = Release|Any CPU
		{B9222CE2-709D-4B07-9D4F-1CBCBAB5A5E0}.Release|Any CPU.Build.0 = Release|Any CPU
		{70958937-A86A-4467-8F3B-30BE3ECA9763}.Debug|Any CPU.ActiveCfg = Debug|Any CPU
		{70958937-A86A-4467-8F3B-30BE3ECA9763}.Debug|Any CPU.Build.0 = Debug|Any CPU
		{70958937-A86A-4467-8F3B-30BE3ECA9763}.Release|Any CPU.ActiveCfg = Release|Any CPU
		{70958937-A86A-4467-8F3B-30BE3ECA9763}.Release|Any CPU.Build.0 = Release|Any CPU
		{F95CB78B-63B3-4C64-AA2F-58083397DD74}.Debug|Any CPU.ActiveCfg = Debug|Any CPU
		{F95CB78B-63B3-4C64-AA2F-58083397DD74}.Debug|Any CPU.Build.0 = Debug|Any CPU
		{F95CB78B-63B3-4C64-AA2F-58083397DD74}.Release|Any CPU.ActiveCfg = Release|Any CPU
		{F95CB78B-63B3-4C64-AA2F-58083397DD74}.Release|Any CPU.Build.0 = Release|Any CPU
		{67FCCEF8-E6CA-444A-A35C-C222922020EF}.Debug|Any CPU.ActiveCfg = Debug|Any CPU
		{67FCCEF8-E6CA-444A-A35C-C222922020EF}.Debug|Any CPU.Build.0 = Debug|Any CPU
		{67FCCEF8-E6CA-444A-A35C-C222922020EF}.Release|Any CPU.ActiveCfg = Release|Any CPU
		{67FCCEF8-E6CA-444A-A35C-C222922020EF}.Release|Any CPU.Build.0 = Release|Any CPU
		{E1A38CB1-23E0-42A7-9484-43FA84A244CF}.Debug|Any CPU.ActiveCfg = Debug|Any CPU
		{E1A38CB1-23E0-42A7-9484-43FA84A244CF}.Debug|Any CPU.Build.0 = Debug|Any CPU
		{E1A38CB1-23E0-42A7-9484-43FA84A244CF}.Release|Any CPU.ActiveCfg = Release|Any CPU
		{E1A38CB1-23E0-42A7-9484-43FA84A244CF}.Release|Any CPU.Build.0 = Release|Any CPU
		{64D2733D-9310-467C-90FC-B1B0933800EA}.Debug|Any CPU.ActiveCfg = Debug|Any CPU
		{64D2733D-9310-467C-90FC-B1B0933800EA}.Debug|Any CPU.Build.0 = Debug|Any CPU
		{64D2733D-9310-467C-90FC-B1B0933800EA}.Release|Any CPU.ActiveCfg = Release|Any CPU
		{64D2733D-9310-467C-90FC-B1B0933800EA}.Release|Any CPU.Build.0 = Release|Any CPU
		{2EB8F48B-3F72-469A-AF8E-57AADAD1DED9}.Debug|Any CPU.ActiveCfg = Debug|Any CPU
		{2EB8F48B-3F72-469A-AF8E-57AADAD1DED9}.Debug|Any CPU.Build.0 = Debug|Any CPU
		{2EB8F48B-3F72-469A-AF8E-57AADAD1DED9}.Release|Any CPU.ActiveCfg = Release|Any CPU
		{2EB8F48B-3F72-469A-AF8E-57AADAD1DED9}.Release|Any CPU.Build.0 = Release|Any CPU
		{9069EFD4-CFEB-41D5-A035-80952981974A}.Debug|Any CPU.ActiveCfg = Debug|Any CPU
		{9069EFD4-CFEB-41D5-A035-80952981974A}.Debug|Any CPU.Build.0 = Debug|Any CPU
		{9069EFD4-CFEB-41D5-A035-80952981974A}.Release|Any CPU.ActiveCfg = Release|Any CPU
		{9069EFD4-CFEB-41D5-A035-80952981974A}.Release|Any CPU.Build.0 = Release|Any CPU
		{CEC33DA2-2FD3-4FEF-9E78-3C117657A53C}.Debug|Any CPU.ActiveCfg = Debug|Any CPU
		{CEC33DA2-2FD3-4FEF-9E78-3C117657A53C}.Debug|Any CPU.Build.0 = Debug|Any CPU
		{CEC33DA2-2FD3-4FEF-9E78-3C117657A53C}.Release|Any CPU.ActiveCfg = Release|Any CPU
		{CEC33DA2-2FD3-4FEF-9E78-3C117657A53C}.Release|Any CPU.Build.0 = Release|Any CPU
		{F0BF6934-5A3C-4813-8B77-AC3B8CDDE3BA}.Debug|Any CPU.ActiveCfg = Debug|Any CPU
		{F0BF6934-5A3C-4813-8B77-AC3B8CDDE3BA}.Debug|Any CPU.Build.0 = Debug|Any CPU
		{F0BF6934-5A3C-4813-8B77-AC3B8CDDE3BA}.Release|Any CPU.ActiveCfg = Release|Any CPU
		{F0BF6934-5A3C-4813-8B77-AC3B8CDDE3BA}.Release|Any CPU.Build.0 = Release|Any CPU
		{D715C884-DE4B-48D4-837C-04783EA9BEE1}.Debug|Any CPU.ActiveCfg = Debug|Any CPU
		{D715C884-DE4B-48D4-837C-04783EA9BEE1}.Debug|Any CPU.Build.0 = Debug|Any CPU
		{D715C884-DE4B-48D4-837C-04783EA9BEE1}.Release|Any CPU.ActiveCfg = Release|Any CPU
		{D715C884-DE4B-48D4-837C-04783EA9BEE1}.Release|Any CPU.Build.0 = Release|Any CPU
	EndGlobalSection
	GlobalSection(NestedProjects) = preSolution
		{EA1032C3-8672-44EF-A773-A46F0FF33E41} = {C55C674A-FC75-4EF1-B58F-745FAAF3F5CC}
		{A6F3724A-11C4-4819-AB06-15CAB237767D} = {D900C16D-2C53-466F-929A-AD3587F15DB6}
		{5C26EA54-9194-444E-916C-A5ECF10767DA} = {A6F3724A-11C4-4819-AB06-15CAB237767D}
		{AD827627-9DFA-4FAB-AC4F-F12428C12906} = {5C26EA54-9194-444E-916C-A5ECF10767DA}
		{2F2B0FB9-F08F-4CC3-9206-E3D4C37DE6FF} = {5C26EA54-9194-444E-916C-A5ECF10767DA}
		{3787F81E-B9E9-459A-80EB-8D3A897A1F57} = {A6F3724A-11C4-4819-AB06-15CAB237767D}
		{B428AF99-684D-419F-83CE-52742EBC325D} = {3787F81E-B9E9-459A-80EB-8D3A897A1F57}
		{2991623F-720C-4824-BB1A-133B2EF9CD8C} = {A6F3724A-11C4-4819-AB06-15CAB237767D}
		{97FEA92C-D77C-43A7-B7AD-E0306434251F} = {2991623F-720C-4824-BB1A-133B2EF9CD8C}
		{1AC312E6-9329-47AE-A0FA-F9049B83F76F} = {D900C16D-2C53-466F-929A-AD3587F15DB6}
		{6288F704-C542-484F-B027-81A9A57D9005} = {1AC312E6-9329-47AE-A0FA-F9049B83F76F}
		{B9222CE2-709D-4B07-9D4F-1CBCBAB5A5E0} = {6288F704-C542-484F-B027-81A9A57D9005}
		{70958937-A86A-4467-8F3B-30BE3ECA9763} = {6288F704-C542-484F-B027-81A9A57D9005}
		{7561BD0B-EEA6-4FBB-B80B-22FF24594B4B} = {1AC312E6-9329-47AE-A0FA-F9049B83F76F}
		{F95CB78B-63B3-4C64-AA2F-58083397DD74} = {7561BD0B-EEA6-4FBB-B80B-22FF24594B4B}
		{713D90EF-734D-42B0-A4DA-31CF74DAE152} = {1AC312E6-9329-47AE-A0FA-F9049B83F76F}
		{67FCCEF8-E6CA-444A-A35C-C222922020EF} = {713D90EF-734D-42B0-A4DA-31CF74DAE152}
		{2D2886E2-BEE1-4C24-A825-AAB0168F6A5E} = {D900C16D-2C53-466F-929A-AD3587F15DB6}
		{65A0CB6D-3164-4958-9DAE-37FC4A0C6F8E} = {2D2886E2-BEE1-4C24-A825-AAB0168F6A5E}
		{E1A38CB1-23E0-42A7-9484-43FA84A244CF} = {65A0CB6D-3164-4958-9DAE-37FC4A0C6F8E}
		{64D2733D-9310-467C-90FC-B1B0933800EA} = {65A0CB6D-3164-4958-9DAE-37FC4A0C6F8E}
		{BD2FAC72-DFD2-4102-8160-56B46818E7A4} = {2D2886E2-BEE1-4C24-A825-AAB0168F6A5E}
		{2EB8F48B-3F72-469A-AF8E-57AADAD1DED9} = {BD2FAC72-DFD2-4102-8160-56B46818E7A4}
		{25E019EE-31B6-49B3-872D-111C8476B913} = {2D2886E2-BEE1-4C24-A825-AAB0168F6A5E}
		{9069EFD4-CFEB-41D5-A035-80952981974A} = {25E019EE-31B6-49B3-872D-111C8476B913}
		{CEC33DA2-2FD3-4FEF-9E78-3C117657A53C} = {8C345F1C-086C-4DCC-AFFC-586A1E84B0BF}
		{F0BF6934-5A3C-4813-8B77-AC3B8CDDE3BA} = {8C345F1C-086C-4DCC-AFFC-586A1E84B0BF}
		{D715C884-DE4B-48D4-837C-04783EA9BEE1} = {54494487-2C78-4AC1-B714-E247B52C1B86}
	EndGlobalSection
EndGlobal
