
Microsoft Visual Studio Solution File, Format Version 12.00
# Visual Studio Version 17
VisualStudioVersion = 17.0.31903.59
MinimumVisualStudioVersion = 10.0.40219.1
Project("{E53339B2-1760-4266-BCC7-CA923CBCF16C}") = "docker-compose", "docker-compose.dcproj", "{89759A6E-14F1-2247-A87E-6F1EB0C04123}"
EndProject
Project("{2150E333-8FDC-42A3-9474-1A3956D46DE8}") = "Common", "Common", "{9403741A-3363-462B-91E8-B8F206182705}"
EndProject
Project("{FAE04EC0-301F-11D3-BF4B-00C04F79EFBC}") = "QuickCode.Demo.Common", "Common\QuickCode.Demo.Common\QuickCode.Demo.Common.csproj", "{CBAC4ECE-5DC9-40A3-91D5-30605E5DA441}"
EndProject
Project("{2150E333-8FDC-42A3-9474-1A3956D46DE8}") = "Modules", "Modules", "{E6256520-6283-44D1-B5F0-1158EF9415CD}"
EndProject
Project("{2150E333-8FDC-42A3-9474-1A3956D46DE8}") = "UserManagerModule", "UserManagerModule", "{BEB49211-ECEB-4F51-83D2-6E43F444E507}"
EndProject
Project("{2150E333-8FDC-42A3-9474-1A3956D46DE8}") = "Core", "Core", "{7EF03E67-3C6F-4ADA-A37E-128E8DE8208A}"
EndProject
Project("{FAE04EC0-301F-11D3-BF4B-00C04F79EFBC}") = "QuickCode.Demo.UserManagerModule.Application", "Modules\UserManagerModule\Core\QuickCode.Demo.UserManagerModule.Application\QuickCode.Demo.UserManagerModule.Application.csproj", "{F1CCB681-B982-461A-B3D2-855BA6761DA2}"
EndProject
Project("{FAE04EC0-301F-11D3-BF4B-00C04F79EFBC}") = "QuickCode.Demo.UserManagerModule.Domain", "Modules\UserManagerModule\Core\QuickCode.Demo.UserManagerModule.Domain\QuickCode.Demo.UserManagerModule.Domain.csproj", "{DA916744-A6D1-49AD-87C9-7491F34C49DB}"
EndProject
Project("{2150E333-8FDC-42A3-9474-1A3956D46DE8}") = "Infrastructure", "Infrastructure", "{584759C1-FB80-4102-959A-CCCF6478F03E}"
EndProject
Project("{FAE04EC0-301F-11D3-BF4B-00C04F79EFBC}") = "QuickCode.Demo.UserManagerModule.Persistence", "Modules\UserManagerModule\Infrastructure\QuickCode.Demo.UserManagerModule.Persistence\QuickCode.Demo.UserManagerModule.Persistence.csproj", "{A9016FC4-5558-442F-B672-F8E9A8BF975E}"
EndProject
Project("{2150E333-8FDC-42A3-9474-1A3956D46DE8}") = "Presentation", "Presentation", "{09EE6DD4-5A37-48AE-BFA1-F0B743B1B6ED}"
EndProject
Project("{FAE04EC0-301F-11D3-BF4B-00C04F79EFBC}") = "QuickCode.Demo.UserManagerModule.Api", "Modules\UserManagerModule\Presentation\QuickCode.Demo.UserManagerModule.Api\QuickCode.Demo.UserManagerModule.Api.csproj", "{92314614-8D00-49B8-912D-A94A1D7CFF66}"
EndProject
Project("{2150E333-8FDC-42A3-9474-1A3956D46DE8}") = "EmailManagerModule", "EmailManagerModule", "{720C7197-C887-42AB-BA55-7E01E8700978}"
EndProject
Project("{2150E333-8FDC-42A3-9474-1A3956D46DE8}") = "Core", "Core", "{30699515-2962-4AC4-A510-7B1932A33486}"
EndProject
Project("{FAE04EC0-301F-11D3-BF4B-00C04F79EFBC}") = "QuickCode.Demo.EmailManagerModule.Application", "Modules\EmailManagerModule\Core\QuickCode.Demo.EmailManagerModule.Application\QuickCode.Demo.EmailManagerModule.Application.csproj", "{58A73D1A-0E79-4BD6-A4A2-2CF97DA7B5E3}"
EndProject
Project("{FAE04EC0-301F-11D3-BF4B-00C04F79EFBC}") = "QuickCode.Demo.EmailManagerModule.Domain", "Modules\EmailManagerModule\Core\QuickCode.Demo.EmailManagerModule.Domain\QuickCode.Demo.EmailManagerModule.Domain.csproj", "{F6101649-4E51-41F6-9009-B1A9F7E61A2B}"
EndProject
Project("{2150E333-8FDC-42A3-9474-1A3956D46DE8}") = "Infrastructure", "Infrastructure", "{40916D53-4EB8-4660-8EED-1421626AFE8D}"
EndProject
Project("{FAE04EC0-301F-11D3-BF4B-00C04F79EFBC}") = "QuickCode.Demo.EmailManagerModule.Persistence", "Modules\EmailManagerModule\Infrastructure\QuickCode.Demo.EmailManagerModule.Persistence\QuickCode.Demo.EmailManagerModule.Persistence.csproj", "{9D25F479-9068-4449-AD93-CE3128315DBE}"
EndProject
Project("{2150E333-8FDC-42A3-9474-1A3956D46DE8}") = "Presentation", "Presentation", "{71092794-2019-4889-8B40-3557209139B3}"
EndProject
Project("{FAE04EC0-301F-11D3-BF4B-00C04F79EFBC}") = "QuickCode.Demo.EmailManagerModule.Api", "Modules\EmailManagerModule\Presentation\QuickCode.Demo.EmailManagerModule.Api\QuickCode.Demo.EmailManagerModule.Api.csproj", "{8A9C8F6A-ED58-4156-926E-4B38CF101A6A}"
EndProject
Project("{2150E333-8FDC-42A3-9474-1A3956D46DE8}") = "SmsManagerModule", "SmsManagerModule", "{C7629736-3E2E-40C2-BF7B-D406736A647F}"
EndProject
Project("{2150E333-8FDC-42A3-9474-1A3956D46DE8}") = "Core", "Core", "{BF1F5B2B-DC19-41FC-8E3E-274CF58598F0}"
EndProject
Project("{FAE04EC0-301F-11D3-BF4B-00C04F79EFBC}") = "QuickCode.Demo.SmsManagerModule.Application", "Modules\SmsManagerModule\Core\QuickCode.Demo.SmsManagerModule.Application\QuickCode.Demo.SmsManagerModule.Application.csproj", "{95BAFBC5-BE8D-481D-BA72-7A467809F09D}"
EndProject
Project("{FAE04EC0-301F-11D3-BF4B-00C04F79EFBC}") = "QuickCode.Demo.SmsManagerModule.Domain", "Modules\SmsManagerModule\Core\QuickCode.Demo.SmsManagerModule.Domain\QuickCode.Demo.SmsManagerModule.Domain.csproj", "{EFFF90EB-EBA2-4E6E-ADB3-4D63250CDDE2}"
EndProject
Project("{2150E333-8FDC-42A3-9474-1A3956D46DE8}") = "Infrastructure", "Infrastructure", "{41F8189D-14E4-4988-A101-73CBE611655C}"
EndProject
Project("{FAE04EC0-301F-11D3-BF4B-00C04F79EFBC}") = "QuickCode.Demo.SmsManagerModule.Persistence", "Modules\SmsManagerModule\Infrastructure\QuickCode.Demo.SmsManagerModule.Persistence\QuickCode.Demo.SmsManagerModule.Persistence.csproj", "{9BC3944E-161B-40AA-97D0-049C9C9F33CB}"
EndProject
Project("{2150E333-8FDC-42A3-9474-1A3956D46DE8}") = "Presentation", "Presentation", "{A80608E3-AF5C-472C-BE79-A836BE4BA7A3}"
EndProject
Project("{FAE04EC0-301F-11D3-BF4B-00C04F79EFBC}") = "QuickCode.Demo.SmsManagerModule.Api", "Modules\SmsManagerModule\Presentation\QuickCode.Demo.SmsManagerModule.Api\QuickCode.Demo.SmsManagerModule.Api.csproj", "{CA2AA07C-8201-4EF5-A0C0-63B3E8566E9D}"
EndProject
Project("{2150E333-8FDC-42A3-9474-1A3956D46DE8}") = "Presentation", "Presentation", "{7171D49A-05C1-4D82-BDCA-3F4B584AF3D9}"
EndProject
Project("{FAE04EC0-301F-11D3-BF4B-00C04F79EFBC}") = "QuickCode.Demo.Gateway", "Presentation\QuickCode.Demo.Gateway\QuickCode.Demo.Gateway.csproj", "{9A8C91A3-C6C1-4C02-B1E4-4BA92EF41D4E}"
EndProject
Project("{FAE04EC0-301F-11D3-BF4B-00C04F79EFBC}") = "QuickCode.Demo.Portal", "Presentation\QuickCode.Demo.Portal\QuickCode.Demo.Portal.csproj", "{0D10ADE7-E797-46DC-AFC1-222D941605A7}"
EndProject
Project("{2150E333-8FDC-42A3-9474-1A3956D46DE8}") = "Services", "Services", "{0E6F6DDD-A961-4C4A-BBB8-0817E8D84C5C}"
EndProject
Project("{FAE04EC0-301F-11D3-BF4B-00C04F79EFBC}") = "QuickCode.Demo.EventListenerService", "Services\QuickCode.Demo.EventListenerService\QuickCode.Demo.EventListenerService.csproj", "{92D9C86F-44D9-4FDE-BEBE-B65A3AD3D8D5}"
EndProject
Global
	GlobalSection(SolutionConfigurationPlatforms) = preSolution
		Debug|Any CPU = Debug|Any CPU
		Release|Any CPU = Release|Any CPU
	EndGlobalSection
	GlobalSection(SolutionProperties) = preSolution
		HideSolutionNode = FALSE
	EndGlobalSection
	GlobalSection(ProjectConfigurationPlatforms) = postSolution
		{89759A6E-14F1-2247-A87E-6F1EB0C04123}.Debug|Any CPU.ActiveCfg = Debug|Any CPU
		{89759A6E-14F1-2247-A87E-6F1EB0C04123}.Debug|Any CPU.Build.0 = Debug|Any CPU
		{89759A6E-14F1-2247-A87E-6F1EB0C04123}.Release|Any CPU.ActiveCfg = Release|Any CPU
		{89759A6E-14F1-2247-A87E-6F1EB0C04123}.Release|Any CPU.Build.0 = Release|Any CPU
		{CBAC4ECE-5DC9-40A3-91D5-30605E5DA441}.Debug|Any CPU.ActiveCfg = Debug|Any CPU
		{CBAC4ECE-5DC9-40A3-91D5-30605E5DA441}.Debug|Any CPU.Build.0 = Debug|Any CPU
		{CBAC4ECE-5DC9-40A3-91D5-30605E5DA441}.Release|Any CPU.ActiveCfg = Release|Any CPU
		{CBAC4ECE-5DC9-40A3-91D5-30605E5DA441}.Release|Any CPU.Build.0 = Release|Any CPU
		{F1CCB681-B982-461A-B3D2-855BA6761DA2}.Debug|Any CPU.ActiveCfg = Debug|Any CPU
		{F1CCB681-B982-461A-B3D2-855BA6761DA2}.Debug|Any CPU.Build.0 = Debug|Any CPU
		{F1CCB681-B982-461A-B3D2-855BA6761DA2}.Release|Any CPU.ActiveCfg = Release|Any CPU
		{F1CCB681-B982-461A-B3D2-855BA6761DA2}.Release|Any CPU.Build.0 = Release|Any CPU
		{DA916744-A6D1-49AD-87C9-7491F34C49DB}.Debug|Any CPU.ActiveCfg = Debug|Any CPU
		{DA916744-A6D1-49AD-87C9-7491F34C49DB}.Debug|Any CPU.Build.0 = Debug|Any CPU
		{DA916744-A6D1-49AD-87C9-7491F34C49DB}.Release|Any CPU.ActiveCfg = Release|Any CPU
		{DA916744-A6D1-49AD-87C9-7491F34C49DB}.Release|Any CPU.Build.0 = Release|Any CPU
		{A9016FC4-5558-442F-B672-F8E9A8BF975E}.Debug|Any CPU.ActiveCfg = Debug|Any CPU
		{A9016FC4-5558-442F-B672-F8E9A8BF975E}.Debug|Any CPU.Build.0 = Debug|Any CPU
		{A9016FC4-5558-442F-B672-F8E9A8BF975E}.Release|Any CPU.ActiveCfg = Release|Any CPU
		{A9016FC4-5558-442F-B672-F8E9A8BF975E}.Release|Any CPU.Build.0 = Release|Any CPU
		{92314614-8D00-49B8-912D-A94A1D7CFF66}.Debug|Any CPU.ActiveCfg = Debug|Any CPU
		{92314614-8D00-49B8-912D-A94A1D7CFF66}.Debug|Any CPU.Build.0 = Debug|Any CPU
		{92314614-8D00-49B8-912D-A94A1D7CFF66}.Release|Any CPU.ActiveCfg = Release|Any CPU
		{92314614-8D00-49B8-912D-A94A1D7CFF66}.Release|Any CPU.Build.0 = Release|Any CPU
		{58A73D1A-0E79-4BD6-A4A2-2CF97DA7B5E3}.Debug|Any CPU.ActiveCfg = Debug|Any CPU
		{58A73D1A-0E79-4BD6-A4A2-2CF97DA7B5E3}.Debug|Any CPU.Build.0 = Debug|Any CPU
		{58A73D1A-0E79-4BD6-A4A2-2CF97DA7B5E3}.Release|Any CPU.ActiveCfg = Release|Any CPU
		{58A73D1A-0E79-4BD6-A4A2-2CF97DA7B5E3}.Release|Any CPU.Build.0 = Release|Any CPU
		{F6101649-4E51-41F6-9009-B1A9F7E61A2B}.Debug|Any CPU.ActiveCfg = Debug|Any CPU
		{F6101649-4E51-41F6-9009-B1A9F7E61A2B}.Debug|Any CPU.Build.0 = Debug|Any CPU
		{F6101649-4E51-41F6-9009-B1A9F7E61A2B}.Release|Any CPU.ActiveCfg = Release|Any CPU
		{F6101649-4E51-41F6-9009-B1A9F7E61A2B}.Release|Any CPU.Build.0 = Release|Any CPU
		{9D25F479-9068-4449-AD93-CE3128315DBE}.Debug|Any CPU.ActiveCfg = Debug|Any CPU
		{9D25F479-9068-4449-AD93-CE3128315DBE}.Debug|Any CPU.Build.0 = Debug|Any CPU
		{9D25F479-9068-4449-AD93-CE3128315DBE}.Release|Any CPU.ActiveCfg = Release|Any CPU
		{9D25F479-9068-4449-AD93-CE3128315DBE}.Release|Any CPU.Build.0 = Release|Any CPU
		{8A9C8F6A-ED58-4156-926E-4B38CF101A6A}.Debug|Any CPU.ActiveCfg = Debug|Any CPU
		{8A9C8F6A-ED58-4156-926E-4B38CF101A6A}.Debug|Any CPU.Build.0 = Debug|Any CPU
		{8A9C8F6A-ED58-4156-926E-4B38CF101A6A}.Release|Any CPU.ActiveCfg = Release|Any CPU
		{8A9C8F6A-ED58-4156-926E-4B38CF101A6A}.Release|Any CPU.Build.0 = Release|Any CPU
		{95BAFBC5-BE8D-481D-BA72-7A467809F09D}.Debug|Any CPU.ActiveCfg = Debug|Any CPU
		{95BAFBC5-BE8D-481D-BA72-7A467809F09D}.Debug|Any CPU.Build.0 = Debug|Any CPU
		{95BAFBC5-BE8D-481D-BA72-7A467809F09D}.Release|Any CPU.ActiveCfg = Release|Any CPU
		{95BAFBC5-BE8D-481D-BA72-7A467809F09D}.Release|Any CPU.Build.0 = Release|Any CPU
		{EFFF90EB-EBA2-4E6E-ADB3-4D63250CDDE2}.Debug|Any CPU.ActiveCfg = Debug|Any CPU
		{EFFF90EB-EBA2-4E6E-ADB3-4D63250CDDE2}.Debug|Any CPU.Build.0 = Debug|Any CPU
		{EFFF90EB-EBA2-4E6E-ADB3-4D63250CDDE2}.Release|Any CPU.ActiveCfg = Release|Any CPU
		{EFFF90EB-EBA2-4E6E-ADB3-4D63250CDDE2}.Release|Any CPU.Build.0 = Release|Any CPU
		{9BC3944E-161B-40AA-97D0-049C9C9F33CB}.Debug|Any CPU.ActiveCfg = Debug|Any CPU
		{9BC3944E-161B-40AA-97D0-049C9C9F33CB}.Debug|Any CPU.Build.0 = Debug|Any CPU
		{9BC3944E-161B-40AA-97D0-049C9C9F33CB}.Release|Any CPU.ActiveCfg = Release|Any CPU
		{9BC3944E-161B-40AA-97D0-049C9C9F33CB}.Release|Any CPU.Build.0 = Release|Any CPU
		{CA2AA07C-8201-4EF5-A0C0-63B3E8566E9D}.Debug|Any CPU.ActiveCfg = Debug|Any CPU
		{CA2AA07C-8201-4EF5-A0C0-63B3E8566E9D}.Debug|Any CPU.Build.0 = Debug|Any CPU
		{CA2AA07C-8201-4EF5-A0C0-63B3E8566E9D}.Release|Any CPU.ActiveCfg = Release|Any CPU
		{CA2AA07C-8201-4EF5-A0C0-63B3E8566E9D}.Release|Any CPU.Build.0 = Release|Any CPU
		{9A8C91A3-C6C1-4C02-B1E4-4BA92EF41D4E}.Debug|Any CPU.ActiveCfg = Debug|Any CPU
		{9A8C91A3-C6C1-4C02-B1E4-4BA92EF41D4E}.Debug|Any CPU.Build.0 = Debug|Any CPU
		{9A8C91A3-C6C1-4C02-B1E4-4BA92EF41D4E}.Release|Any CPU.ActiveCfg = Release|Any CPU
		{9A8C91A3-C6C1-4C02-B1E4-4BA92EF41D4E}.Release|Any CPU.Build.0 = Release|Any CPU
		{0D10ADE7-E797-46DC-AFC1-222D941605A7}.Debug|Any CPU.ActiveCfg = Debug|Any CPU
		{0D10ADE7-E797-46DC-AFC1-222D941605A7}.Debug|Any CPU.Build.0 = Debug|Any CPU
		{0D10ADE7-E797-46DC-AFC1-222D941605A7}.Release|Any CPU.ActiveCfg = Release|Any CPU
		{0D10ADE7-E797-46DC-AFC1-222D941605A7}.Release|Any CPU.Build.0 = Release|Any CPU
		{92D9C86F-44D9-4FDE-BEBE-B65A3AD3D8D5}.Debug|Any CPU.ActiveCfg = Debug|Any CPU
		{92D9C86F-44D9-4FDE-BEBE-B65A3AD3D8D5}.Debug|Any CPU.Build.0 = Debug|Any CPU
		{92D9C86F-44D9-4FDE-BEBE-B65A3AD3D8D5}.Release|Any CPU.ActiveCfg = Release|Any CPU
		{92D9C86F-44D9-4FDE-BEBE-B65A3AD3D8D5}.Release|Any CPU.Build.0 = Release|Any CPU
	EndGlobalSection
	GlobalSection(NestedProjects) = preSolution
		{CBAC4ECE-5DC9-40A3-91D5-30605E5DA441} = {9403741A-3363-462B-91E8-B8F206182705}
		{BEB49211-ECEB-4F51-83D2-6E43F444E507} = {E6256520-6283-44D1-B5F0-1158EF9415CD}
		{7EF03E67-3C6F-4ADA-A37E-128E8DE8208A} = {BEB49211-ECEB-4F51-83D2-6E43F444E507}
		{F1CCB681-B982-461A-B3D2-855BA6761DA2} = {7EF03E67-3C6F-4ADA-A37E-128E8DE8208A}
		{DA916744-A6D1-49AD-87C9-7491F34C49DB} = {7EF03E67-3C6F-4ADA-A37E-128E8DE8208A}
		{584759C1-FB80-4102-959A-CCCF6478F03E} = {BEB49211-ECEB-4F51-83D2-6E43F444E507}
		{A9016FC4-5558-442F-B672-F8E9A8BF975E} = {584759C1-FB80-4102-959A-CCCF6478F03E}
		{09EE6DD4-5A37-48AE-BFA1-F0B743B1B6ED} = {BEB49211-ECEB-4F51-83D2-6E43F444E507}
		{92314614-8D00-49B8-912D-A94A1D7CFF66} = {09EE6DD4-5A37-48AE-BFA1-F0B743B1B6ED}
		{720C7197-C887-42AB-BA55-7E01E8700978} = {E6256520-6283-44D1-B5F0-1158EF9415CD}
		{30699515-2962-4AC4-A510-7B1932A33486} = {720C7197-C887-42AB-BA55-7E01E8700978}
		{58A73D1A-0E79-4BD6-A4A2-2CF97DA7B5E3} = {30699515-2962-4AC4-A510-7B1932A33486}
		{F6101649-4E51-41F6-9009-B1A9F7E61A2B} = {30699515-2962-4AC4-A510-7B1932A33486}
		{40916D53-4EB8-4660-8EED-1421626AFE8D} = {720C7197-C887-42AB-BA55-7E01E8700978}
		{9D25F479-9068-4449-AD93-CE3128315DBE} = {40916D53-4EB8-4660-8EED-1421626AFE8D}
		{71092794-2019-4889-8B40-3557209139B3} = {720C7197-C887-42AB-BA55-7E01E8700978}
		{8A9C8F6A-ED58-4156-926E-4B38CF101A6A} = {71092794-2019-4889-8B40-3557209139B3}
		{C7629736-3E2E-40C2-BF7B-D406736A647F} = {E6256520-6283-44D1-B5F0-1158EF9415CD}
		{BF1F5B2B-DC19-41FC-8E3E-274CF58598F0} = {C7629736-3E2E-40C2-BF7B-D406736A647F}
		{95BAFBC5-BE8D-481D-BA72-7A467809F09D} = {BF1F5B2B-DC19-41FC-8E3E-274CF58598F0}
		{EFFF90EB-EBA2-4E6E-ADB3-4D63250CDDE2} = {BF1F5B2B-DC19-41FC-8E3E-274CF58598F0}
		{41F8189D-14E4-4988-A101-73CBE611655C} = {C7629736-3E2E-40C2-BF7B-D406736A647F}
		{9BC3944E-161B-40AA-97D0-049C9C9F33CB} = {41F8189D-14E4-4988-A101-73CBE611655C}
		{A80608E3-AF5C-472C-BE79-A836BE4BA7A3} = {C7629736-3E2E-40C2-BF7B-D406736A647F}
		{CA2AA07C-8201-4EF5-A0C0-63B3E8566E9D} = {A80608E3-AF5C-472C-BE79-A836BE4BA7A3}
		{9A8C91A3-C6C1-4C02-B1E4-4BA92EF41D4E} = {7171D49A-05C1-4D82-BDCA-3F4B584AF3D9}
		{0D10ADE7-E797-46DC-AFC1-222D941605A7} = {7171D49A-05C1-4D82-BDCA-3F4B584AF3D9}
		{92D9C86F-44D9-4FDE-BEBE-B65A3AD3D8D5} = {0E6F6DDD-A961-4C4A-BBB8-0817E8D84C5C}
	EndGlobalSection
EndGlobal
