
Microsoft Visual Studio Solution File, Format Version 12.00
# Visual Studio Version 17
VisualStudioVersion = 17.0.31903.59
MinimumVisualStudioVersion = 10.0.40219.1
Project("{2150E333-8FDC-42A3-9474-1A3956D46DE8}") = "Common", "Common", "{5C73F511-A8A5-4123-9335-5B9D8ED6EAD2}"
EndProject
Project("{FAE04EC0-301F-11D3-BF4B-00C04F79EFBC}") = "QuickCode.Demo.Common", "Common\QuickCode.Demo.Common\QuickCode.Demo.Common.csproj", "{35DFC693-19A4-460E-9B35-5AC70A69A914}"
EndProject
Project("{2150E333-8FDC-42A3-9474-1A3956D46DE8}") = "Modules", "Modules", "{E20C9B81-DBC5-40EA-B955-9F3A541533D3}"
EndProject
Project("{2150E333-8FDC-42A3-9474-1A3956D46DE8}") = "UserManagerModule", "UserManagerModule", "{C7997C61-B57B-4648-9C87-BFFE300EA5D1}"
EndProject
Project("{2150E333-8FDC-42A3-9474-1A3956D46DE8}") = "Core", "Core", "{056A158A-777E-412A-9334-8267DC72B039}"
EndProject
Project("{FAE04EC0-301F-11D3-BF4B-00C04F79EFBC}") = "QuickCode.Demo.UserManagerModule.Application", "Modules\UserManagerModule\Core\QuickCode.Demo.UserManagerModule.Application\QuickCode.Demo.UserManagerModule.Application.csproj", "{1FD8423B-9CA1-4014-A762-79DAF11929DD}"
EndProject
Project("{FAE04EC0-301F-11D3-BF4B-00C04F79EFBC}") = "QuickCode.Demo.UserManagerModule.Domain", "Modules\UserManagerModule\Core\QuickCode.Demo.UserManagerModule.Domain\QuickCode.Demo.UserManagerModule.Domain.csproj", "{551C904F-3F9C-4EA4-9CC2-E08D0A28D056}"
EndProject
Project("{2150E333-8FDC-42A3-9474-1A3956D46DE8}") = "Infrastructure", "Infrastructure", "{A71E7C2F-CB27-4759-8C2D-8CC19735A787}"
EndProject
Project("{FAE04EC0-301F-11D3-BF4B-00C04F79EFBC}") = "QuickCode.Demo.UserManagerModule.Persistence", "Modules\UserManagerModule\Infrastructure\QuickCode.Demo.UserManagerModule.Persistence\QuickCode.Demo.UserManagerModule.Persistence.csproj", "{FEBA4D94-F642-47DE-A116-7025A86B7B0C}"
EndProject
Project("{2150E333-8FDC-42A3-9474-1A3956D46DE8}") = "Presentation", "Presentation", "{9A866931-5FB2-4B76-8D39-2AEBAB4728DA}"
EndProject
Project("{FAE04EC0-301F-11D3-BF4B-00C04F79EFBC}") = "QuickCode.Demo.UserManagerModule.Api", "Modules\UserManagerModule\Presentation\QuickCode.Demo.UserManagerModule.Api\QuickCode.Demo.UserManagerModule.Api.csproj", "{74119D4B-845E-41F3-8B10-B3FFAB1030E0}"
EndProject
Project("{2150E333-8FDC-42A3-9474-1A3956D46DE8}") = "EmailManagerModule", "EmailManagerModule", "{F3361E86-B21E-4C3B-86B2-B85A587DF715}"
EndProject
Project("{2150E333-8FDC-42A3-9474-1A3956D46DE8}") = "Core", "Core", "{0648B824-3DAB-4BA1-B2D4-E57D7ECBE38C}"
EndProject
Project("{FAE04EC0-301F-11D3-BF4B-00C04F79EFBC}") = "QuickCode.Demo.EmailManagerModule.Application", "Modules\EmailManagerModule\Core\QuickCode.Demo.EmailManagerModule.Application\QuickCode.Demo.EmailManagerModule.Application.csproj", "{62AF8D93-CB6F-48B6-B52B-2231A94B985E}"
EndProject
Project("{FAE04EC0-301F-11D3-BF4B-00C04F79EFBC}") = "QuickCode.Demo.EmailManagerModule.Domain", "Modules\EmailManagerModule\Core\QuickCode.Demo.EmailManagerModule.Domain\QuickCode.Demo.EmailManagerModule.Domain.csproj", "{E1C8CE7E-EF2D-47E5-9E3B-D0F33C95C555}"
EndProject
Project("{2150E333-8FDC-42A3-9474-1A3956D46DE8}") = "Infrastructure", "Infrastructure", "{4DD4438F-B223-4F53-A848-CA589EC00BB5}"
EndProject
Project("{FAE04EC0-301F-11D3-BF4B-00C04F79EFBC}") = "QuickCode.Demo.EmailManagerModule.Persistence", "Modules\EmailManagerModule\Infrastructure\QuickCode.Demo.EmailManagerModule.Persistence\QuickCode.Demo.EmailManagerModule.Persistence.csproj", "{FA1CA94A-99BE-477D-B2D2-EEFEC072B635}"
EndProject
Project("{2150E333-8FDC-42A3-9474-1A3956D46DE8}") = "Presentation", "Presentation", "{907B059C-3373-41DE-9A99-D45617DB60EF}"
EndProject
Project("{FAE04EC0-301F-11D3-BF4B-00C04F79EFBC}") = "QuickCode.Demo.EmailManagerModule.Api", "Modules\EmailManagerModule\Presentation\QuickCode.Demo.EmailManagerModule.Api\QuickCode.Demo.EmailManagerModule.Api.csproj", "{88F9000A-666F-4E78-9278-3EB359314506}"
EndProject
Project("{2150E333-8FDC-42A3-9474-1A3956D46DE8}") = "SmsManagerModule", "SmsManagerModule", "{FE141635-4AD3-48B7-9B88-4507D789F69D}"
EndProject
Project("{2150E333-8FDC-42A3-9474-1A3956D46DE8}") = "Core", "Core", "{14CD21C6-DE64-4525-A288-341F6CB36F35}"
EndProject
Project("{FAE04EC0-301F-11D3-BF4B-00C04F79EFBC}") = "QuickCode.Demo.SmsManagerModule.Application", "Modules\SmsManagerModule\Core\QuickCode.Demo.SmsManagerModule.Application\QuickCode.Demo.SmsManagerModule.Application.csproj", "{DAC8DE9B-566E-4090-8830-88EF05F18FE7}"
EndProject
Project("{FAE04EC0-301F-11D3-BF4B-00C04F79EFBC}") = "QuickCode.Demo.SmsManagerModule.Domain", "Modules\SmsManagerModule\Core\QuickCode.Demo.SmsManagerModule.Domain\QuickCode.Demo.SmsManagerModule.Domain.csproj", "{E8601E2D-10E7-44EE-B47F-5BFC7A85916C}"
EndProject
Project("{2150E333-8FDC-42A3-9474-1A3956D46DE8}") = "Infrastructure", "Infrastructure", "{A2D6EDD9-11C3-4B08-99BE-8DB1FE3E96DB}"
EndProject
Project("{FAE04EC0-301F-11D3-BF4B-00C04F79EFBC}") = "QuickCode.Demo.SmsManagerModule.Persistence", "Modules\SmsManagerModule\Infrastructure\QuickCode.Demo.SmsManagerModule.Persistence\QuickCode.Demo.SmsManagerModule.Persistence.csproj", "{D8054E62-CCEB-440E-AAFD-F59A6C87D5E5}"
EndProject
Project("{2150E333-8FDC-42A3-9474-1A3956D46DE8}") = "Presentation", "Presentation", "{EAEA7F9A-7CC7-458C-8862-98FC9EB993F7}"
EndProject
Project("{FAE04EC0-301F-11D3-BF4B-00C04F79EFBC}") = "QuickCode.Demo.SmsManagerModule.Api", "Modules\SmsManagerModule\Presentation\QuickCode.Demo.SmsManagerModule.Api\QuickCode.Demo.SmsManagerModule.Api.csproj", "{D3FF9BB1-8E5F-4285-B5CE-4F3D884202A2}"
EndProject
Project("{2150E333-8FDC-42A3-9474-1A3956D46DE8}") = "Presentation", "Presentation", "{69D6F4F4-529B-4EE2-A410-E83E63BE2AF4}"
EndProject
Project("{FAE04EC0-301F-11D3-BF4B-00C04F79EFBC}") = "QuickCode.Demo.Gateway", "Presentation\QuickCode.Demo.Gateway\QuickCode.Demo.Gateway.csproj", "{44EBA180-7EFD-4369-ACB1-15ABE9CA7518}"
EndProject
Project("{FAE04EC0-301F-11D3-BF4B-00C04F79EFBC}") = "QuickCode.Demo.Portal", "Presentation\QuickCode.Demo.Portal\QuickCode.Demo.Portal.csproj", "{0B317D80-BCAC-424D-A8F0-355CF641C351}"
EndProject
Project("{2150E333-8FDC-42A3-9474-1A3956D46DE8}") = "Services", "Services", "{48C7E25B-FF35-4BBA-B14C-74D0247F59A1}"
EndProject
Project("{FAE04EC0-301F-11D3-BF4B-00C04F79EFBC}") = "QuickCode.Demo.EventListenerService", "Services\QuickCode.Demo.EventListenerService\QuickCode.Demo.EventListenerService.csproj", "{D0E1D141-CBE4-4A66-93E5-249F0FFA89A4}"
EndProject
Global
	GlobalSection(SolutionConfigurationPlatforms) = preSolution
		Debug|Any CPU = Debug|Any CPU
		Release|Any CPU = Release|Any CPU
	EndGlobalSection
	GlobalSection(SolutionProperties) = preSolution
		HideSolutionNode = FALSE
	EndGlobalSection
	GlobalSection(ProjectConfigurationPlatforms) = postSolution
		{35DFC693-19A4-460E-9B35-5AC70A69A914}.Debug|Any CPU.ActiveCfg = Debug|Any CPU
		{35DFC693-19A4-460E-9B35-5AC70A69A914}.Debug|Any CPU.Build.0 = Debug|Any CPU
		{35DFC693-19A4-460E-9B35-5AC70A69A914}.Release|Any CPU.ActiveCfg = Release|Any CPU
		{35DFC693-19A4-460E-9B35-5AC70A69A914}.Release|Any CPU.Build.0 = Release|Any CPU
		{1FD8423B-9CA1-4014-A762-79DAF11929DD}.Debug|Any CPU.ActiveCfg = Debug|Any CPU
		{1FD8423B-9CA1-4014-A762-79DAF11929DD}.Debug|Any CPU.Build.0 = Debug|Any CPU
		{1FD8423B-9CA1-4014-A762-79DAF11929DD}.Release|Any CPU.ActiveCfg = Release|Any CPU
		{1FD8423B-9CA1-4014-A762-79DAF11929DD}.Release|Any CPU.Build.0 = Release|Any CPU
		{551C904F-3F9C-4EA4-9CC2-E08D0A28D056}.Debug|Any CPU.ActiveCfg = Debug|Any CPU
		{551C904F-3F9C-4EA4-9CC2-E08D0A28D056}.Debug|Any CPU.Build.0 = Debug|Any CPU
		{551C904F-3F9C-4EA4-9CC2-E08D0A28D056}.Release|Any CPU.ActiveCfg = Release|Any CPU
		{551C904F-3F9C-4EA4-9CC2-E08D0A28D056}.Release|Any CPU.Build.0 = Release|Any CPU
		{FEBA4D94-F642-47DE-A116-7025A86B7B0C}.Debug|Any CPU.ActiveCfg = Debug|Any CPU
		{FEBA4D94-F642-47DE-A116-7025A86B7B0C}.Debug|Any CPU.Build.0 = Debug|Any CPU
		{FEBA4D94-F642-47DE-A116-7025A86B7B0C}.Release|Any CPU.ActiveCfg = Release|Any CPU
		{FEBA4D94-F642-47DE-A116-7025A86B7B0C}.Release|Any CPU.Build.0 = Release|Any CPU
		{74119D4B-845E-41F3-8B10-B3FFAB1030E0}.Debug|Any CPU.ActiveCfg = Debug|Any CPU
		{74119D4B-845E-41F3-8B10-B3FFAB1030E0}.Debug|Any CPU.Build.0 = Debug|Any CPU
		{74119D4B-845E-41F3-8B10-B3FFAB1030E0}.Release|Any CPU.ActiveCfg = Release|Any CPU
		{74119D4B-845E-41F3-8B10-B3FFAB1030E0}.Release|Any CPU.Build.0 = Release|Any CPU
		{62AF8D93-CB6F-48B6-B52B-2231A94B985E}.Debug|Any CPU.ActiveCfg = Debug|Any CPU
		{62AF8D93-CB6F-48B6-B52B-2231A94B985E}.Debug|Any CPU.Build.0 = Debug|Any CPU
		{62AF8D93-CB6F-48B6-B52B-2231A94B985E}.Release|Any CPU.ActiveCfg = Release|Any CPU
		{62AF8D93-CB6F-48B6-B52B-2231A94B985E}.Release|Any CPU.Build.0 = Release|Any CPU
		{E1C8CE7E-EF2D-47E5-9E3B-D0F33C95C555}.Debug|Any CPU.ActiveCfg = Debug|Any CPU
		{E1C8CE7E-EF2D-47E5-9E3B-D0F33C95C555}.Debug|Any CPU.Build.0 = Debug|Any CPU
		{E1C8CE7E-EF2D-47E5-9E3B-D0F33C95C555}.Release|Any CPU.ActiveCfg = Release|Any CPU
		{E1C8CE7E-EF2D-47E5-9E3B-D0F33C95C555}.Release|Any CPU.Build.0 = Release|Any CPU
		{FA1CA94A-99BE-477D-B2D2-EEFEC072B635}.Debug|Any CPU.ActiveCfg = Debug|Any CPU
		{FA1CA94A-99BE-477D-B2D2-EEFEC072B635}.Debug|Any CPU.Build.0 = Debug|Any CPU
		{FA1CA94A-99BE-477D-B2D2-EEFEC072B635}.Release|Any CPU.ActiveCfg = Release|Any CPU
		{FA1CA94A-99BE-477D-B2D2-EEFEC072B635}.Release|Any CPU.Build.0 = Release|Any CPU
		{88F9000A-666F-4E78-9278-3EB359314506}.Debug|Any CPU.ActiveCfg = Debug|Any CPU
		{88F9000A-666F-4E78-9278-3EB359314506}.Debug|Any CPU.Build.0 = Debug|Any CPU
		{88F9000A-666F-4E78-9278-3EB359314506}.Release|Any CPU.ActiveCfg = Release|Any CPU
		{88F9000A-666F-4E78-9278-3EB359314506}.Release|Any CPU.Build.0 = Release|Any CPU
		{DAC8DE9B-566E-4090-8830-88EF05F18FE7}.Debug|Any CPU.ActiveCfg = Debug|Any CPU
		{DAC8DE9B-566E-4090-8830-88EF05F18FE7}.Debug|Any CPU.Build.0 = Debug|Any CPU
		{DAC8DE9B-566E-4090-8830-88EF05F18FE7}.Release|Any CPU.ActiveCfg = Release|Any CPU
		{DAC8DE9B-566E-4090-8830-88EF05F18FE7}.Release|Any CPU.Build.0 = Release|Any CPU
		{E8601E2D-10E7-44EE-B47F-5BFC7A85916C}.Debug|Any CPU.ActiveCfg = Debug|Any CPU
		{E8601E2D-10E7-44EE-B47F-5BFC7A85916C}.Debug|Any CPU.Build.0 = Debug|Any CPU
		{E8601E2D-10E7-44EE-B47F-5BFC7A85916C}.Release|Any CPU.ActiveCfg = Release|Any CPU
		{E8601E2D-10E7-44EE-B47F-5BFC7A85916C}.Release|Any CPU.Build.0 = Release|Any CPU
		{D8054E62-CCEB-440E-AAFD-F59A6C87D5E5}.Debug|Any CPU.ActiveCfg = Debug|Any CPU
		{D8054E62-CCEB-440E-AAFD-F59A6C87D5E5}.Debug|Any CPU.Build.0 = Debug|Any CPU
		{D8054E62-CCEB-440E-AAFD-F59A6C87D5E5}.Release|Any CPU.ActiveCfg = Release|Any CPU
		{D8054E62-CCEB-440E-AAFD-F59A6C87D5E5}.Release|Any CPU.Build.0 = Release|Any CPU
		{D3FF9BB1-8E5F-4285-B5CE-4F3D884202A2}.Debug|Any CPU.ActiveCfg = Debug|Any CPU
		{D3FF9BB1-8E5F-4285-B5CE-4F3D884202A2}.Debug|Any CPU.Build.0 = Debug|Any CPU
		{D3FF9BB1-8E5F-4285-B5CE-4F3D884202A2}.Release|Any CPU.ActiveCfg = Release|Any CPU
		{D3FF9BB1-8E5F-4285-B5CE-4F3D884202A2}.Release|Any CPU.Build.0 = Release|Any CPU
		{44EBA180-7EFD-4369-ACB1-15ABE9CA7518}.Debug|Any CPU.ActiveCfg = Debug|Any CPU
		{44EBA180-7EFD-4369-ACB1-15ABE9CA7518}.Debug|Any CPU.Build.0 = Debug|Any CPU
		{44EBA180-7EFD-4369-ACB1-15ABE9CA7518}.Release|Any CPU.ActiveCfg = Release|Any CPU
		{44EBA180-7EFD-4369-ACB1-15ABE9CA7518}.Release|Any CPU.Build.0 = Release|Any CPU
		{0B317D80-BCAC-424D-A8F0-355CF641C351}.Debug|Any CPU.ActiveCfg = Debug|Any CPU
		{0B317D80-BCAC-424D-A8F0-355CF641C351}.Debug|Any CPU.Build.0 = Debug|Any CPU
		{0B317D80-BCAC-424D-A8F0-355CF641C351}.Release|Any CPU.ActiveCfg = Release|Any CPU
		{0B317D80-BCAC-424D-A8F0-355CF641C351}.Release|Any CPU.Build.0 = Release|Any CPU
		{D0E1D141-CBE4-4A66-93E5-249F0FFA89A4}.Debug|Any CPU.ActiveCfg = Debug|Any CPU
		{D0E1D141-CBE4-4A66-93E5-249F0FFA89A4}.Debug|Any CPU.Build.0 = Debug|Any CPU
		{D0E1D141-CBE4-4A66-93E5-249F0FFA89A4}.Release|Any CPU.ActiveCfg = Release|Any CPU
		{D0E1D141-CBE4-4A66-93E5-249F0FFA89A4}.Release|Any CPU.Build.0 = Release|Any CPU
	EndGlobalSection
	GlobalSection(NestedProjects) = preSolution
		{35DFC693-19A4-460E-9B35-5AC70A69A914} = {5C73F511-A8A5-4123-9335-5B9D8ED6EAD2}
		{C7997C61-B57B-4648-9C87-BFFE300EA5D1} = {E20C9B81-DBC5-40EA-B955-9F3A541533D3}
		{056A158A-777E-412A-9334-8267DC72B039} = {C7997C61-B57B-4648-9C87-BFFE300EA5D1}
		{1FD8423B-9CA1-4014-A762-79DAF11929DD} = {056A158A-777E-412A-9334-8267DC72B039}
		{551C904F-3F9C-4EA4-9CC2-E08D0A28D056} = {056A158A-777E-412A-9334-8267DC72B039}
		{A71E7C2F-CB27-4759-8C2D-8CC19735A787} = {C7997C61-B57B-4648-9C87-BFFE300EA5D1}
		{FEBA4D94-F642-47DE-A116-7025A86B7B0C} = {A71E7C2F-CB27-4759-8C2D-8CC19735A787}
		{9A866931-5FB2-4B76-8D39-2AEBAB4728DA} = {C7997C61-B57B-4648-9C87-BFFE300EA5D1}
		{74119D4B-845E-41F3-8B10-B3FFAB1030E0} = {9A866931-5FB2-4B76-8D39-2AEBAB4728DA}
		{F3361E86-B21E-4C3B-86B2-B85A587DF715} = {E20C9B81-DBC5-40EA-B955-9F3A541533D3}
		{0648B824-3DAB-4BA1-B2D4-E57D7ECBE38C} = {F3361E86-B21E-4C3B-86B2-B85A587DF715}
		{62AF8D93-CB6F-48B6-B52B-2231A94B985E} = {0648B824-3DAB-4BA1-B2D4-E57D7ECBE38C}
		{E1C8CE7E-EF2D-47E5-9E3B-D0F33C95C555} = {0648B824-3DAB-4BA1-B2D4-E57D7ECBE38C}
		{4DD4438F-B223-4F53-A848-CA589EC00BB5} = {F3361E86-B21E-4C3B-86B2-B85A587DF715}
		{FA1CA94A-99BE-477D-B2D2-EEFEC072B635} = {4DD4438F-B223-4F53-A848-CA589EC00BB5}
		{907B059C-3373-41DE-9A99-D45617DB60EF} = {F3361E86-B21E-4C3B-86B2-B85A587DF715}
		{88F9000A-666F-4E78-9278-3EB359314506} = {907B059C-3373-41DE-9A99-D45617DB60EF}
		{FE141635-4AD3-48B7-9B88-4507D789F69D} = {E20C9B81-DBC5-40EA-B955-9F3A541533D3}
		{14CD21C6-DE64-4525-A288-341F6CB36F35} = {FE141635-4AD3-48B7-9B88-4507D789F69D}
		{DAC8DE9B-566E-4090-8830-88EF05F18FE7} = {14CD21C6-DE64-4525-A288-341F6CB36F35}
		{E8601E2D-10E7-44EE-B47F-5BFC7A85916C} = {14CD21C6-DE64-4525-A288-341F6CB36F35}
		{A2D6EDD9-11C3-4B08-99BE-8DB1FE3E96DB} = {FE141635-4AD3-48B7-9B88-4507D789F69D}
		{D8054E62-CCEB-440E-AAFD-F59A6C87D5E5} = {A2D6EDD9-11C3-4B08-99BE-8DB1FE3E96DB}
		{EAEA7F9A-7CC7-458C-8862-98FC9EB993F7} = {FE141635-4AD3-48B7-9B88-4507D789F69D}
		{D3FF9BB1-8E5F-4285-B5CE-4F3D884202A2} = {EAEA7F9A-7CC7-458C-8862-98FC9EB993F7}
		{44EBA180-7EFD-4369-ACB1-15ABE9CA7518} = {69D6F4F4-529B-4EE2-A410-E83E63BE2AF4}
		{0B317D80-BCAC-424D-A8F0-355CF641C351} = {69D6F4F4-529B-4EE2-A410-E83E63BE2AF4}
		{D0E1D141-CBE4-4A66-93E5-249F0FFA89A4} = {48C7E25B-FF35-4BBA-B14C-74D0247F59A1}
	EndGlobalSection
EndGlobal
